// !$*UTF8*$!
{
	archiveVersion = 1;
	classes = {
	};
	objectVersion = 46;
	objects = {

/* Begin PBXBuildFile section */
		4102AB512169A1E800AEC36D /* Efectos.swift in Sources */ = {isa = PBXBuildFile; fileRef = 4102AB502169A1E800AEC36D /* Efectos.swift */; };
		410D71001FA8D1B8009AC062 /* GoogleService-Info.plist in Resources */ = {isa = PBXBuildFile; fileRef = 410D70FF1FA8D1B8009AC062 /* GoogleService-Info.plist */; };
		4120B87F21024F790000EA79 /* OperadorOpcional.swift in Sources */ = {isa = PBXBuildFile; fileRef = 4120B87E21024F790000EA79 /* OperadorOpcional.swift */; };
		413BC20B1B5015D500E58F25 /* FondoCircular.swift in Sources */ = {isa = PBXBuildFile; fileRef = 413BC20A1B5015D500E58F25 /* FondoCircular.swift */; };
		413BC20D1B5025FF00E58F25 /* BotonGrafico.swift in Sources */ = {isa = PBXBuildFile; fileRef = 413BC20C1B5025FF00E58F25 /* BotonGrafico.swift */; };
		41A59BDF1B51643B000E3C8E /* Settings.bundle in Resources */ = {isa = PBXBuildFile; fileRef = 41A59BDE1B51643B000E3C8E /* Settings.bundle */; };
		41A59BE21B516A20000E3C8E /* Licenses in Resources */ = {isa = PBXBuildFile; fileRef = 41A59BE11B516A20000E3C8E /* Licenses */; };
		41B669B21FC10B7300DEB965 /* TurnoClaseProfesorUITests.swift in Sources */ = {isa = PBXBuildFile; fileRef = 41B669B11FC10B7300DEB965 /* TurnoClaseProfesorUITests.swift */; };
		41B669BC1FC10D3000DEB965 /* SnapshotHelper.swift in Sources */ = {isa = PBXBuildFile; fileRef = 41B669BB1FC10D3000DEB965 /* SnapshotHelper.swift */; };
		41B669BE1FC1135700DEB965 /* Nombres.swift in Sources */ = {isa = PBXBuildFile; fileRef = 41B669BD1FC1135700DEB965 /* Nombres.swift */; };
		41F4C5CF1B34BCD5004AA55E /* AppDelegate.swift in Sources */ = {isa = PBXBuildFile; fileRef = 41F4C5CE1B34BCD5004AA55E /* AppDelegate.swift */; };
		41F4C5D11B34BCD5004AA55E /* ViewController.swift in Sources */ = {isa = PBXBuildFile; fileRef = 41F4C5D01B34BCD5004AA55E /* ViewController.swift */; };
		41F4C5D41B34BCD5004AA55E /* Main.storyboard in Resources */ = {isa = PBXBuildFile; fileRef = 41F4C5D21B34BCD5004AA55E /* Main.storyboard */; };
		41F4C5D61B34BCD5004AA55E /* Images.xcassets in Resources */ = {isa = PBXBuildFile; fileRef = 41F4C5D51B34BCD5004AA55E /* Images.xcassets */; };
		41F4C5D91B34BCD6004AA55E /* LaunchScreen.xib in Resources */ = {isa = PBXBuildFile; fileRef = 41F4C5D71B34BCD6004AA55E /* LaunchScreen.xib */; };
		D701C6065AB83DE19666FC5F /* Pods_TurnoClaseProfesor.framework in Frameworks */ = {isa = PBXBuildFile; fileRef = 0FD076638CC1F27DC86333D7 /* Pods_TurnoClaseProfesor.framework */; };
/* End PBXBuildFile section */

/* Begin PBXContainerItemProxy section */
		41B669B41FC10B7300DEB965 /* PBXContainerItemProxy */ = {
			isa = PBXContainerItemProxy;
			containerPortal = 41F4C5C11B34BCD5004AA55E /* Project object */;
			proxyType = 1;
			remoteGlobalIDString = 41F4C5C81B34BCD5004AA55E;
			remoteInfo = TurnoClaseProfesor;
		};
/* End PBXContainerItemProxy section */

/* Begin PBXFileReference section */
		0FD076638CC1F27DC86333D7 /* Pods_TurnoClaseProfesor.framework */ = {isa = PBXFileReference; explicitFileType = wrapper.framework; includeInIndex = 0; path = Pods_TurnoClaseProfesor.framework; sourceTree = BUILT_PRODUCTS_DIR; };
		4102AB502169A1E800AEC36D /* Efectos.swift */ = {isa = PBXFileReference; lastKnownFileType = sourcecode.swift; path = Efectos.swift; sourceTree = "<group>"; };
		410D70FF1FA8D1B8009AC062 /* GoogleService-Info.plist */ = {isa = PBXFileReference; fileEncoding = 4; lastKnownFileType = text.plist.xml; path = "GoogleService-Info.plist"; sourceTree = "<group>"; };
		4120B87E21024F790000EA79 /* OperadorOpcional.swift */ = {isa = PBXFileReference; fileEncoding = 4; lastKnownFileType = sourcecode.swift; path = OperadorOpcional.swift; sourceTree = "<group>"; };
		413BC20A1B5015D500E58F25 /* FondoCircular.swift */ = {isa = PBXFileReference; fileEncoding = 4; lastKnownFileType = sourcecode.swift; path = FondoCircular.swift; sourceTree = "<group>"; };
		413BC20C1B5025FF00E58F25 /* BotonGrafico.swift */ = {isa = PBXFileReference; fileEncoding = 4; lastKnownFileType = sourcecode.swift; path = BotonGrafico.swift; sourceTree = "<group>"; };
		41675B1E1B553EC1001696CE /* es */ = {isa = PBXFileReference; lastKnownFileType = text.plist.strings; name = es; path = es.lproj/Main.strings; sourceTree = "<group>"; };
		41675B1F1B553EC1001696CE /* es */ = {isa = PBXFileReference; lastKnownFileType = text.plist.strings; name = es; path = es.lproj/LaunchScreen.strings; sourceTree = "<group>"; };
		41675B201B553EE9001696CE /* eu */ = {isa = PBXFileReference; lastKnownFileType = text.plist.strings; name = eu; path = eu.lproj/Main.strings; sourceTree = "<group>"; };
		41675B211B553EE9001696CE /* eu */ = {isa = PBXFileReference; lastKnownFileType = text.plist.strings; name = eu; path = eu.lproj/LaunchScreen.strings; sourceTree = "<group>"; };
		4199FF0C1E32F16500F9E42F /* TurnoClaseProfesor.entitlements */ = {isa = PBXFileReference; lastKnownFileType = text.plist.entitlements; path = TurnoClaseProfesor.entitlements; sourceTree = "<group>"; };
		41A59BDE1B51643B000E3C8E /* Settings.bundle */ = {isa = PBXFileReference; lastKnownFileType = "wrapper.plug-in"; name = Settings.bundle; path = TurnoClaseProfesor/Settings.bundle; sourceTree = "<group>"; };
		41A59BE11B516A20000E3C8E /* Licenses */ = {isa = PBXFileReference; lastKnownFileType = folder; name = Licenses; path = TurnoClaseProfesor/Licenses; sourceTree = "<group>"; };
		41B669AF1FC10B7300DEB965 /* TurnoClaseProfesorUITests.xctest */ = {isa = PBXFileReference; explicitFileType = wrapper.cfbundle; includeInIndex = 0; path = TurnoClaseProfesorUITests.xctest; sourceTree = BUILT_PRODUCTS_DIR; };
		41B669B11FC10B7300DEB965 /* TurnoClaseProfesorUITests.swift */ = {isa = PBXFileReference; lastKnownFileType = sourcecode.swift; path = TurnoClaseProfesorUITests.swift; sourceTree = "<group>"; };
		41B669B31FC10B7300DEB965 /* Info.plist */ = {isa = PBXFileReference; lastKnownFileType = text.plist.xml; path = Info.plist; sourceTree = "<group>"; };
		41B669BB1FC10D3000DEB965 /* SnapshotHelper.swift */ = {isa = PBXFileReference; fileEncoding = 4; lastKnownFileType = sourcecode.swift; name = SnapshotHelper.swift; path = fastlane/SnapshotHelper.swift; sourceTree = SOURCE_ROOT; };
		41B669BD1FC1135700DEB965 /* Nombres.swift */ = {isa = PBXFileReference; fileEncoding = 4; lastKnownFileType = sourcecode.swift; path = Nombres.swift; sourceTree = "<group>"; };
		41F4C5C91B34BCD5004AA55E /* TurnoClaseProfesor.app */ = {isa = PBXFileReference; explicitFileType = wrapper.application; includeInIndex = 0; path = TurnoClaseProfesor.app; sourceTree = BUILT_PRODUCTS_DIR; };
		41F4C5CD1B34BCD5004AA55E /* Info.plist */ = {isa = PBXFileReference; lastKnownFileType = text.plist.xml; path = Info.plist; sourceTree = "<group>"; };
		41F4C5CE1B34BCD5004AA55E /* AppDelegate.swift */ = {isa = PBXFileReference; lastKnownFileType = sourcecode.swift; path = AppDelegate.swift; sourceTree = "<group>"; };
		41F4C5D01B34BCD5004AA55E /* ViewController.swift */ = {isa = PBXFileReference; lastKnownFileType = sourcecode.swift; path = ViewController.swift; sourceTree = "<group>"; };
		41F4C5D31B34BCD5004AA55E /* Base */ = {isa = PBXFileReference; lastKnownFileType = file.storyboard; name = Base; path = Base.lproj/Main.storyboard; sourceTree = "<group>"; };
		41F4C5D51B34BCD5004AA55E /* Images.xcassets */ = {isa = PBXFileReference; lastKnownFileType = folder.assetcatalog; path = Images.xcassets; sourceTree = "<group>"; };
		41F4C5D81B34BCD6004AA55E /* Base */ = {isa = PBXFileReference; lastKnownFileType = file.xib; name = Base; path = Base.lproj/LaunchScreen.xib; sourceTree = "<group>"; };
		63E67A3F426E090070BE462B /* Pods-TurnoClaseProfesor.debug.xcconfig */ = {isa = PBXFileReference; includeInIndex = 1; lastKnownFileType = text.xcconfig; name = "Pods-TurnoClaseProfesor.debug.xcconfig"; path = "../Pods/Target Support Files/Pods-TurnoClaseProfesor/Pods-TurnoClaseProfesor.debug.xcconfig"; sourceTree = "<group>"; };
		9EEA0A44053B58DE7CAA9482 /* Pods-TurnoClaseProfesor.release.xcconfig */ = {isa = PBXFileReference; includeInIndex = 1; lastKnownFileType = text.xcconfig; name = "Pods-TurnoClaseProfesor.release.xcconfig"; path = "../Pods/Target Support Files/Pods-TurnoClaseProfesor/Pods-TurnoClaseProfesor.release.xcconfig"; sourceTree = "<group>"; };
/* End PBXFileReference section */

/* Begin PBXFrameworksBuildPhase section */
		41B669AC1FC10B7300DEB965 /* Frameworks */ = {
			isa = PBXFrameworksBuildPhase;
			buildActionMask = 2147483647;
			files = (
			);
			runOnlyForDeploymentPostprocessing = 0;
		};
		41F4C5C61B34BCD5004AA55E /* Frameworks */ = {
			isa = PBXFrameworksBuildPhase;
			buildActionMask = 2147483647;
			files = (
				D701C6065AB83DE19666FC5F /* Pods_TurnoClaseProfesor.framework in Frameworks */,
			);
			runOnlyForDeploymentPostprocessing = 0;
		};
/* End PBXFrameworksBuildPhase section */

/* Begin PBXGroup section */
		41A59BE01B516444000E3C8E /* Resources */ = {
			isa = PBXGroup;
			children = (
				41A59BDE1B51643B000E3C8E /* Settings.bundle */,
				41A59BE11B516A20000E3C8E /* Licenses */,
			);
			name = Resources;
			sourceTree = "<group>";
		};
		41B669B01FC10B7300DEB965 /* TurnoClaseProfesorUITests */ = {
			isa = PBXGroup;
			children = (
				41B669BB1FC10D3000DEB965 /* SnapshotHelper.swift */,
				41B669B11FC10B7300DEB965 /* TurnoClaseProfesorUITests.swift */,
				41B669B31FC10B7300DEB965 /* Info.plist */,
			);
			path = TurnoClaseProfesorUITests;
			sourceTree = "<group>";
		};
		41BD61D51FB79575002385FE /* UI */ = {
			isa = PBXGroup;
			children = (
				41F4C5D21B34BCD5004AA55E /* Main.storyboard */,
				413BC20A1B5015D500E58F25 /* FondoCircular.swift */,
				413BC20C1B5025FF00E58F25 /* BotonGrafico.swift */,
				41F4C5D51B34BCD5004AA55E /* Images.xcassets */,
				41F4C5D71B34BCD6004AA55E /* LaunchScreen.xib */,
			);
			name = UI;
			sourceTree = "<group>";
		};
		41F4C5C01B34BCD5004AA55E = {
			isa = PBXGroup;
			children = (
				41F4C5CB1B34BCD5004AA55E /* TurnoClaseProfesor */,
				41B669B01FC10B7300DEB965 /* TurnoClaseProfesorUITests */,
				41A59BE01B516444000E3C8E /* Resources */,
				41F4C5CA1B34BCD5004AA55E /* Products */,
				F7A91AD7491067EF15642691 /* Pods */,
				AC811C938802DD331C620029 /* Frameworks */,
			);
			sourceTree = "<group>";
		};
		41F4C5CA1B34BCD5004AA55E /* Products */ = {
			isa = PBXGroup;
			children = (
				41F4C5C91B34BCD5004AA55E /* TurnoClaseProfesor.app */,
				41B669AF1FC10B7300DEB965 /* TurnoClaseProfesorUITests.xctest */,
			);
			name = Products;
			sourceTree = "<group>";
		};
		41F4C5CB1B34BCD5004AA55E /* TurnoClaseProfesor */ = {
			isa = PBXGroup;
			children = (
				41F4C5CE1B34BCD5004AA55E /* AppDelegate.swift */,
				41F4C5D01B34BCD5004AA55E /* ViewController.swift */,
				41B669BD1FC1135700DEB965 /* Nombres.swift */,
				4120B87E21024F790000EA79 /* OperadorOpcional.swift */,
				4102AB502169A1E800AEC36D /* Efectos.swift */,
				41BD61D51FB79575002385FE /* UI */,
				41F4C5CC1B34BCD5004AA55E /* Supporting Files */,
			);
			path = TurnoClaseProfesor;
			sourceTree = "<group>";
		};
		41F4C5CC1B34BCD5004AA55E /* Supporting Files */ = {
			isa = PBXGroup;
			children = (
				4199FF0C1E32F16500F9E42F /* TurnoClaseProfesor.entitlements */,
				410D70FF1FA8D1B8009AC062 /* GoogleService-Info.plist */,
				41F4C5CD1B34BCD5004AA55E /* Info.plist */,
			);
			name = "Supporting Files";
			sourceTree = "<group>";
		};
		AC811C938802DD331C620029 /* Frameworks */ = {
			isa = PBXGroup;
			children = (
				0FD076638CC1F27DC86333D7 /* Pods_TurnoClaseProfesor.framework */,
			);
			name = Frameworks;
			sourceTree = "<group>";
		};
		F7A91AD7491067EF15642691 /* Pods */ = {
			isa = PBXGroup;
			children = (
				63E67A3F426E090070BE462B /* Pods-TurnoClaseProfesor.debug.xcconfig */,
				9EEA0A44053B58DE7CAA9482 /* Pods-TurnoClaseProfesor.release.xcconfig */,
			);
			name = Pods;
			sourceTree = "<group>";
		};
/* End PBXGroup section */

/* Begin PBXNativeTarget section */
		41B669AE1FC10B7300DEB965 /* TurnoClaseProfesorUITests */ = {
			isa = PBXNativeTarget;
			buildConfigurationList = 41B669B81FC10B7300DEB965 /* Build configuration list for PBXNativeTarget "TurnoClaseProfesorUITests" */;
			buildPhases = (
				41B669AB1FC10B7300DEB965 /* Sources */,
				41B669AC1FC10B7300DEB965 /* Frameworks */,
				41B669AD1FC10B7300DEB965 /* Resources */,
			);
			buildRules = (
			);
			dependencies = (
				41B669B51FC10B7300DEB965 /* PBXTargetDependency */,
			);
			name = TurnoClaseProfesorUITests;
			productName = TurnoClaseProfesorUITests;
			productReference = 41B669AF1FC10B7300DEB965 /* TurnoClaseProfesorUITests.xctest */;
			productType = "com.apple.product-type.bundle.ui-testing";
		};
		41F4C5C81B34BCD5004AA55E /* TurnoClaseProfesor */ = {
			isa = PBXNativeTarget;
			buildConfigurationList = 41F4C5E81B34BCD6004AA55E /* Build configuration list for PBXNativeTarget "TurnoClaseProfesor" */;
			buildPhases = (
				6BF8114C8ECB7CD1717563D8 /* [CP] Check Pods Manifest.lock */,
				41F4C5C51B34BCD5004AA55E /* Sources */,
				41F4C5C61B34BCD5004AA55E /* Frameworks */,
				41F4C5C71B34BCD5004AA55E /* Resources */,
				E11506942027563C22955673 /* [CP] Embed Pods Frameworks */,
			);
			buildRules = (
			);
			dependencies = (
			);
			name = TurnoClaseProfesor;
			productName = TurnoClaseProfesor;
			productReference = 41F4C5C91B34BCD5004AA55E /* TurnoClaseProfesor.app */;
			productType = "com.apple.product-type.application";
		};
/* End PBXNativeTarget section */

/* Begin PBXProject section */
		41F4C5C11B34BCD5004AA55E /* Project object */ = {
			isa = PBXProject;
			attributes = {
				LastSwiftMigration = 0700;
				LastSwiftUpdateCheck = 0910;
				LastUpgradeCheck = 0940;
				ORGANIZATIONNAME = "Ion Jaureguialzo Sarasola";
				TargetAttributes = {
					41B669AE1FC10B7300DEB965 = {
						CreatedOnToolsVersion = 9.1;
						LastSwiftMigration = 1000;
						ProvisioningStyle = Automatic;
						TestTargetID = 41F4C5C81B34BCD5004AA55E;
					};
					41F4C5C81B34BCD5004AA55E = {
						CreatedOnToolsVersion = 6.3.2;
						DevelopmentTeam = RSEH385M54;
						LastSwiftMigration = 1000;
						ProvisioningStyle = Automatic;
						SystemCapabilities = {
							com.apple.InAppPurchase = {
								enabled = 0;
							};
							com.apple.Push = {
								enabled = 0;
							};
						};
					};
				};
			};
			buildConfigurationList = 41F4C5C41B34BCD5004AA55E /* Build configuration list for PBXProject "TurnoClaseProfesor" */;
			compatibilityVersion = "Xcode 3.2";
			developmentRegion = English;
			hasScannedForEncodings = 0;
			knownRegions = (
				en,
				Base,
			);
			mainGroup = 41F4C5C01B34BCD5004AA55E;
			productRefGroup = 41F4C5CA1B34BCD5004AA55E /* Products */;
			projectDirPath = "";
			projectRoot = "";
			targets = (
				41F4C5C81B34BCD5004AA55E /* TurnoClaseProfesor */,
				41B669AE1FC10B7300DEB965 /* TurnoClaseProfesorUITests */,
			);
		};
/* End PBXProject section */

/* Begin PBXResourcesBuildPhase section */
		41B669AD1FC10B7300DEB965 /* Resources */ = {
			isa = PBXResourcesBuildPhase;
			buildActionMask = 2147483647;
			files = (
			);
			runOnlyForDeploymentPostprocessing = 0;
		};
		41F4C5C71B34BCD5004AA55E /* Resources */ = {
			isa = PBXResourcesBuildPhase;
			buildActionMask = 2147483647;
			files = (
				410D71001FA8D1B8009AC062 /* GoogleService-Info.plist in Resources */,
				41F4C5D41B34BCD5004AA55E /* Main.storyboard in Resources */,
				41A59BDF1B51643B000E3C8E /* Settings.bundle in Resources */,
				41F4C5D91B34BCD6004AA55E /* LaunchScreen.xib in Resources */,
				41A59BE21B516A20000E3C8E /* Licenses in Resources */,
				41F4C5D61B34BCD5004AA55E /* Images.xcassets in Resources */,
			);
			runOnlyForDeploymentPostprocessing = 0;
		};
/* End PBXResourcesBuildPhase section */

/* Begin PBXShellScriptBuildPhase section */
		6BF8114C8ECB7CD1717563D8 /* [CP] Check Pods Manifest.lock */ = {
			isa = PBXShellScriptBuildPhase;
			buildActionMask = 2147483647;
			files = (
			);
			inputPaths = (
				"${PODS_PODFILE_DIR_PATH}/Podfile.lock",
				"${PODS_ROOT}/Manifest.lock",
			);
			name = "[CP] Check Pods Manifest.lock";
			outputPaths = (
				"$(DERIVED_FILE_DIR)/Pods-TurnoClaseProfesor-checkManifestLockResult.txt",
			);
			runOnlyForDeploymentPostprocessing = 0;
			shellPath = /bin/sh;
			shellScript = "diff \"${PODS_PODFILE_DIR_PATH}/Podfile.lock\" \"${PODS_ROOT}/Manifest.lock\" > /dev/null\nif [ $? != 0 ] ; then\n    # print error to STDERR\n    echo \"error: The sandbox is not in sync with the Podfile.lock. Run 'pod install' or update your CocoaPods installation.\" >&2\n    exit 1\nfi\n# This output is used by Xcode 'outputs' to avoid re-running this script phase.\necho \"SUCCESS\" > \"${SCRIPT_OUTPUT_FILE_0}\"\n";
			showEnvVarsInLog = 0;
		};
		E11506942027563C22955673 /* [CP] Embed Pods Frameworks */ = {
			isa = PBXShellScriptBuildPhase;
			buildActionMask = 2147483647;
			files = (
			);
			inputPaths = (
				"${SRCROOT}/../Pods/Target Support Files/Pods-TurnoClaseProfesor/Pods-TurnoClaseProfesor-frameworks.sh",
				"${BUILT_PRODUCTS_DIR}/BoringSSL/openssl.framework",
				"${BUILT_PRODUCTS_DIR}/GTMSessionFetcher/GTMSessionFetcher.framework",
				"${BUILT_PRODUCTS_DIR}/GoogleUtilities/GoogleUtilities.framework",
				"${BUILT_PRODUCTS_DIR}/ObjcExceptionBridging/ObjcExceptionBridging.framework",
				"${BUILT_PRODUCTS_DIR}/Protobuf/Protobuf.framework",
				"${BUILT_PRODUCTS_DIR}/SimulatorStatusMagic/SimulatorStatusMagic.framework",
				"${BUILT_PRODUCTS_DIR}/XCGLogger/XCGLogger.framework",
				"${BUILT_PRODUCTS_DIR}/gRPC/GRPCClient.framework",
				"${BUILT_PRODUCTS_DIR}/gRPC-C++/grpcpp.framework",
				"${BUILT_PRODUCTS_DIR}/gRPC-Core/grpc.framework",
				"${BUILT_PRODUCTS_DIR}/gRPC-ProtoRPC/ProtoRPC.framework",
				"${BUILT_PRODUCTS_DIR}/gRPC-RxLibrary/RxLibrary.framework",
				"${BUILT_PRODUCTS_DIR}/leveldb-library/leveldb.framework",
				"${BUILT_PRODUCTS_DIR}/nanopb/nanopb.framework",
			);
			name = "[CP] Embed Pods Frameworks";
			outputPaths = (
				"${TARGET_BUILD_DIR}/${FRAMEWORKS_FOLDER_PATH}/openssl.framework",
				"${TARGET_BUILD_DIR}/${FRAMEWORKS_FOLDER_PATH}/GTMSessionFetcher.framework",
				"${TARGET_BUILD_DIR}/${FRAMEWORKS_FOLDER_PATH}/GoogleUtilities.framework",
				"${TARGET_BUILD_DIR}/${FRAMEWORKS_FOLDER_PATH}/ObjcExceptionBridging.framework",
				"${TARGET_BUILD_DIR}/${FRAMEWORKS_FOLDER_PATH}/Protobuf.framework",
				"${TARGET_BUILD_DIR}/${FRAMEWORKS_FOLDER_PATH}/SimulatorStatusMagic.framework",
				"${TARGET_BUILD_DIR}/${FRAMEWORKS_FOLDER_PATH}/XCGLogger.framework",
				"${TARGET_BUILD_DIR}/${FRAMEWORKS_FOLDER_PATH}/GRPCClient.framework",
				"${TARGET_BUILD_DIR}/${FRAMEWORKS_FOLDER_PATH}/grpcpp.framework",
				"${TARGET_BUILD_DIR}/${FRAMEWORKS_FOLDER_PATH}/grpc.framework",
				"${TARGET_BUILD_DIR}/${FRAMEWORKS_FOLDER_PATH}/ProtoRPC.framework",
				"${TARGET_BUILD_DIR}/${FRAMEWORKS_FOLDER_PATH}/RxLibrary.framework",
				"${TARGET_BUILD_DIR}/${FRAMEWORKS_FOLDER_PATH}/leveldb.framework",
				"${TARGET_BUILD_DIR}/${FRAMEWORKS_FOLDER_PATH}/nanopb.framework",
			);
			runOnlyForDeploymentPostprocessing = 0;
			shellPath = /bin/sh;
			shellScript = "\"${SRCROOT}/../Pods/Target Support Files/Pods-TurnoClaseProfesor/Pods-TurnoClaseProfesor-frameworks.sh\"\n";
			showEnvVarsInLog = 0;
		};
/* End PBXShellScriptBuildPhase section */

/* Begin PBXSourcesBuildPhase section */
		41B669AB1FC10B7300DEB965 /* Sources */ = {
			isa = PBXSourcesBuildPhase;
			buildActionMask = 2147483647;
			files = (
				41B669B21FC10B7300DEB965 /* TurnoClaseProfesorUITests.swift in Sources */,
				41B669BC1FC10D3000DEB965 /* SnapshotHelper.swift in Sources */,
			);
			runOnlyForDeploymentPostprocessing = 0;
		};
		41F4C5C51B34BCD5004AA55E /* Sources */ = {
			isa = PBXSourcesBuildPhase;
			buildActionMask = 2147483647;
			files = (
				41F4C5D11B34BCD5004AA55E /* ViewController.swift in Sources */,
				4120B87F21024F790000EA79 /* OperadorOpcional.swift in Sources */,
				4102AB512169A1E800AEC36D /* Efectos.swift in Sources */,
				413BC20D1B5025FF00E58F25 /* BotonGrafico.swift in Sources */,
				413BC20B1B5015D500E58F25 /* FondoCircular.swift in Sources */,
				41B669BE1FC1135700DEB965 /* Nombres.swift in Sources */,
				41F4C5CF1B34BCD5004AA55E /* AppDelegate.swift in Sources */,
			);
			runOnlyForDeploymentPostprocessing = 0;
		};
/* End PBXSourcesBuildPhase section */

/* Begin PBXTargetDependency section */
		41B669B51FC10B7300DEB965 /* PBXTargetDependency */ = {
			isa = PBXTargetDependency;
			target = 41F4C5C81B34BCD5004AA55E /* TurnoClaseProfesor */;
			targetProxy = 41B669B41FC10B7300DEB965 /* PBXContainerItemProxy */;
		};
/* End PBXTargetDependency section */

/* Begin PBXVariantGroup section */
		41F4C5D21B34BCD5004AA55E /* Main.storyboard */ = {
			isa = PBXVariantGroup;
			children = (
				41F4C5D31B34BCD5004AA55E /* Base */,
				41675B1E1B553EC1001696CE /* es */,
				41675B201B553EE9001696CE /* eu */,
			);
			name = Main.storyboard;
			sourceTree = "<group>";
		};
		41F4C5D71B34BCD6004AA55E /* LaunchScreen.xib */ = {
			isa = PBXVariantGroup;
			children = (
				41F4C5D81B34BCD6004AA55E /* Base */,
				41675B1F1B553EC1001696CE /* es */,
				41675B211B553EE9001696CE /* eu */,
			);
			name = LaunchScreen.xib;
			sourceTree = "<group>";
		};
/* End PBXVariantGroup section */

/* Begin XCBuildConfiguration section */
		41B669B61FC10B7300DEB965 /* Debug */ = {
			isa = XCBuildConfiguration;
			buildSettings = {
				CLANG_ANALYZER_NONNULL = YES;
				CLANG_ANALYZER_NUMBER_OBJECT_CONVERSION = YES_AGGRESSIVE;
				CLANG_CXX_LANGUAGE_STANDARD = "gnu++14";
				CLANG_WARN_DOCUMENTATION_COMMENTS = YES;
				CLANG_WARN_UNGUARDED_AVAILABILITY = YES_AGGRESSIVE;
				CODE_SIGN_IDENTITY = "iPhone Developer";
				"CODE_SIGN_IDENTITY[sdk=iphoneos*]" = "iPhone Developer";
				CODE_SIGN_STYLE = Automatic;
				DEBUG_INFORMATION_FORMAT = dwarf;
				DEVELOPMENT_TEAM = "";
				GCC_C_LANGUAGE_STANDARD = gnu11;
				INFOPLIST_FILE = TurnoClaseProfesorUITests/Info.plist;
				IPHONEOS_DEPLOYMENT_TARGET = 9.0;
				LD_RUNPATH_SEARCH_PATHS = "$(inherited) @executable_path/Frameworks @loader_path/Frameworks";
				PRODUCT_BUNDLE_IDENTIFIER = con.jaureguialzo.TurnoClaseProfesorUITests;
				PRODUCT_NAME = "$(TARGET_NAME)";
				PROVISIONING_PROFILE = "";
				PROVISIONING_PROFILE_SPECIFIER = "";
				SWIFT_ACTIVE_COMPILATION_CONDITIONS = DEBUG;
				SWIFT_VERSION = 4.2;
				TARGETED_DEVICE_FAMILY = "1,2";
				TEST_TARGET_NAME = TurnoClaseProfesor;
			};
			name = Debug;
		};
		41B669B71FC10B7300DEB965 /* Release */ = {
			isa = XCBuildConfiguration;
			buildSettings = {
				CLANG_ANALYZER_NONNULL = YES;
				CLANG_ANALYZER_NUMBER_OBJECT_CONVERSION = YES_AGGRESSIVE;
				CLANG_CXX_LANGUAGE_STANDARD = "gnu++14";
				CLANG_WARN_DOCUMENTATION_COMMENTS = YES;
				CLANG_WARN_UNGUARDED_AVAILABILITY = YES_AGGRESSIVE;
				CODE_SIGN_IDENTITY = "iPhone Developer";
				"CODE_SIGN_IDENTITY[sdk=iphoneos*]" = "iPhone Developer";
				CODE_SIGN_STYLE = Automatic;
				DEVELOPMENT_TEAM = "";
				GCC_C_LANGUAGE_STANDARD = gnu11;
				INFOPLIST_FILE = TurnoClaseProfesorUITests/Info.plist;
				IPHONEOS_DEPLOYMENT_TARGET = 9.0;
				LD_RUNPATH_SEARCH_PATHS = "$(inherited) @executable_path/Frameworks @loader_path/Frameworks";
				PRODUCT_BUNDLE_IDENTIFIER = con.jaureguialzo.TurnoClaseProfesorUITests;
				PRODUCT_NAME = "$(TARGET_NAME)";
				PROVISIONING_PROFILE = "";
				PROVISIONING_PROFILE_SPECIFIER = "";
				SWIFT_VERSION = 4.2;
				TARGETED_DEVICE_FAMILY = "1,2";
				TEST_TARGET_NAME = TurnoClaseProfesor;
			};
			name = Release;
		};
		41F4C5E61B34BCD6004AA55E /* Debug */ = {
			isa = XCBuildConfiguration;
			buildSettings = {
				ALWAYS_SEARCH_USER_PATHS = NO;
				CLANG_ANALYZER_LOCALIZABILITY_NONLOCALIZED = YES;
				CLANG_CXX_LANGUAGE_STANDARD = "gnu++0x";
				CLANG_CXX_LIBRARY = "libc++";
				CLANG_ENABLE_MODULES = YES;
				CLANG_ENABLE_OBJC_ARC = YES;
				CLANG_WARN_BLOCK_CAPTURE_AUTORELEASING = YES;
				CLANG_WARN_BOOL_CONVERSION = YES;
				CLANG_WARN_COMMA = YES;
				CLANG_WARN_CONSTANT_CONVERSION = YES;
				CLANG_WARN_DEPRECATED_OBJC_IMPLEMENTATIONS = YES;
				CLANG_WARN_DIRECT_OBJC_ISA_USAGE = YES_ERROR;
				CLANG_WARN_EMPTY_BODY = YES;
				CLANG_WARN_ENUM_CONVERSION = YES;
				CLANG_WARN_INFINITE_RECURSION = YES;
				CLANG_WARN_INT_CONVERSION = YES;
				CLANG_WARN_NON_LITERAL_NULL_CONVERSION = YES;
				CLANG_WARN_OBJC_IMPLICIT_RETAIN_SELF = YES;
				CLANG_WARN_OBJC_LITERAL_CONVERSION = YES;
				CLANG_WARN_OBJC_ROOT_CLASS = YES_ERROR;
				CLANG_WARN_RANGE_LOOP_ANALYSIS = YES;
				CLANG_WARN_STRICT_PROTOTYPES = YES;
				CLANG_WARN_SUSPICIOUS_MOVE = YES;
				CLANG_WARN_UNREACHABLE_CODE = YES;
				CLANG_WARN__DUPLICATE_METHOD_MATCH = YES;
				CODE_SIGN_IDENTITY = "iPhone Developer: Ion Jaureguialzo Sarasola (CN85Y9YK74)";
				"CODE_SIGN_IDENTITY[sdk=iphoneos*]" = "iPhone Developer: Ion Jaureguialzo Sarasola (CN85Y9YK74)";
				COPY_PHASE_STRIP = NO;
				DEBUG_INFORMATION_FORMAT = "dwarf-with-dsym";
				ENABLE_STRICT_OBJC_MSGSEND = YES;
				ENABLE_TESTABILITY = YES;
				GCC_C_LANGUAGE_STANDARD = gnu99;
				GCC_DYNAMIC_NO_PIC = NO;
				GCC_NO_COMMON_BLOCKS = YES;
				GCC_OPTIMIZATION_LEVEL = 0;
				GCC_PREPROCESSOR_DEFINITIONS = (
					"DEBUG=1",
					"$(inherited)",
				);
				GCC_SYMBOLS_PRIVATE_EXTERN = NO;
				GCC_WARN_64_TO_32_BIT_CONVERSION = YES;
				GCC_WARN_ABOUT_RETURN_TYPE = YES_ERROR;
				GCC_WARN_UNDECLARED_SELECTOR = YES;
				GCC_WARN_UNINITIALIZED_AUTOS = YES_AGGRESSIVE;
				GCC_WARN_UNUSED_FUNCTION = YES;
				GCC_WARN_UNUSED_VARIABLE = YES;
				IPHONEOS_DEPLOYMENT_TARGET = 9.3;
				MTL_ENABLE_DEBUG_INFO = YES;
				ONLY_ACTIVE_ARCH = YES;
				OTHER_SWIFT_FLAGS = "-D DEBUG";
				PROVISIONING_PROFILE = "a4a18b86-f33a-409b-8346-b97e7d7928c9";
				SDKROOT = iphoneos;
				SWIFT_OPTIMIZATION_LEVEL = "-Onone";
			};
			name = Debug;
		};
		41F4C5E71B34BCD6004AA55E /* Release */ = {
			isa = XCBuildConfiguration;
			buildSettings = {
				ALWAYS_SEARCH_USER_PATHS = NO;
				CLANG_ANALYZER_LOCALIZABILITY_NONLOCALIZED = YES;
				CLANG_CXX_LANGUAGE_STANDARD = "gnu++0x";
				CLANG_CXX_LIBRARY = "libc++";
				CLANG_ENABLE_MODULES = YES;
				CLANG_ENABLE_OBJC_ARC = YES;
				CLANG_WARN_BLOCK_CAPTURE_AUTORELEASING = YES;
				CLANG_WARN_BOOL_CONVERSION = YES;
				CLANG_WARN_COMMA = YES;
				CLANG_WARN_CONSTANT_CONVERSION = YES;
				CLANG_WARN_DEPRECATED_OBJC_IMPLEMENTATIONS = YES;
				CLANG_WARN_DIRECT_OBJC_ISA_USAGE = YES_ERROR;
				CLANG_WARN_EMPTY_BODY = YES;
				CLANG_WARN_ENUM_CONVERSION = YES;
				CLANG_WARN_INFINITE_RECURSION = YES;
				CLANG_WARN_INT_CONVERSION = YES;
				CLANG_WARN_NON_LITERAL_NULL_CONVERSION = YES;
				CLANG_WARN_OBJC_IMPLICIT_RETAIN_SELF = YES;
				CLANG_WARN_OBJC_LITERAL_CONVERSION = YES;
				CLANG_WARN_OBJC_ROOT_CLASS = YES_ERROR;
				CLANG_WARN_RANGE_LOOP_ANALYSIS = YES;
				CLANG_WARN_STRICT_PROTOTYPES = YES;
				CLANG_WARN_SUSPICIOUS_MOVE = YES;
				CLANG_WARN_UNREACHABLE_CODE = YES;
				CLANG_WARN__DUPLICATE_METHOD_MATCH = YES;
				CODE_SIGN_IDENTITY = "iPhone Developer: Ion Jaureguialzo Sarasola (CN85Y9YK74)";
				"CODE_SIGN_IDENTITY[sdk=iphoneos*]" = "iPhone Developer: Ion Jaureguialzo Sarasola (CN85Y9YK74)";
				COPY_PHASE_STRIP = NO;
				DEBUG_INFORMATION_FORMAT = "dwarf-with-dsym";
				ENABLE_NS_ASSERTIONS = NO;
				ENABLE_STRICT_OBJC_MSGSEND = YES;
				GCC_C_LANGUAGE_STANDARD = gnu99;
				GCC_NO_COMMON_BLOCKS = YES;
				GCC_WARN_64_TO_32_BIT_CONVERSION = YES;
				GCC_WARN_ABOUT_RETURN_TYPE = YES_ERROR;
				GCC_WARN_UNDECLARED_SELECTOR = YES;
				GCC_WARN_UNINITIALIZED_AUTOS = YES_AGGRESSIVE;
				GCC_WARN_UNUSED_FUNCTION = YES;
				GCC_WARN_UNUSED_VARIABLE = YES;
				IPHONEOS_DEPLOYMENT_TARGET = 9.3;
				MTL_ENABLE_DEBUG_INFO = NO;
				PROVISIONING_PROFILE = "a4a18b86-f33a-409b-8346-b97e7d7928c9";
				SDKROOT = iphoneos;
				SWIFT_OPTIMIZATION_LEVEL = "-Owholemodule";
				VALIDATE_PRODUCT = YES;
			};
			name = Release;
		};
		41F4C5E91B34BCD6004AA55E /* Debug */ = {
			isa = XCBuildConfiguration;
			baseConfigurationReference = 63E67A3F426E090070BE462B /* Pods-TurnoClaseProfesor.debug.xcconfig */;
			buildSettings = {
				ASSETCATALOG_COMPILER_APPICON_NAME = AppIcon;
				CODE_SIGN_IDENTITY = "iPhone Developer";
				"CODE_SIGN_IDENTITY[sdk=iphoneos*]" = "iPhone Developer";
				CODE_SIGN_STYLE = Automatic;
				DEVELOPMENT_TEAM = RSEH385M54;
				FRAMEWORK_SEARCH_PATHS = (
					"$(inherited)",
					"$(PROJECT_DIR)",
				);
				INFOPLIST_FILE = TurnoClaseProfesor/Info.plist;
				LD_RUNPATH_SEARCH_PATHS = "$(inherited) @executable_path/Frameworks";
				ONLY_ACTIVE_ARCH = YES;
				PRODUCT_BUNDLE_IDENTIFIER = com.jaureguialzo.TurnoClaseProfesor;
				PRODUCT_NAME = "$(TARGET_NAME)";
				PROVISIONING_PROFILE = "";
				PROVISIONING_PROFILE_SPECIFIER = "";
				SWIFT_VERSION = 4.2;
				TARGETED_DEVICE_FAMILY = "1,2";
			};
			name = Debug;
		};
		41F4C5EA1B34BCD6004AA55E /* Release */ = {
			isa = XCBuildConfiguration;
			baseConfigurationReference = 9EEA0A44053B58DE7CAA9482 /* Pods-TurnoClaseProfesor.release.xcconfig */;
			buildSettings = {
				ASSETCATALOG_COMPILER_APPICON_NAME = AppIcon;
				CODE_SIGN_IDENTITY = "iPhone Developer";
				"CODE_SIGN_IDENTITY[sdk=iphoneos*]" = "iPhone Developer";
				CODE_SIGN_STYLE = Automatic;
				DEVELOPMENT_TEAM = RSEH385M54;
				FRAMEWORK_SEARCH_PATHS = (
					"$(inherited)",
					"$(PROJECT_DIR)",
				);
				INFOPLIST_FILE = TurnoClaseProfesor/Info.plist;
				LD_RUNPATH_SEARCH_PATHS = "$(inherited) @executable_path/Frameworks";
				ONLY_ACTIVE_ARCH = NO;
				PRODUCT_BUNDLE_IDENTIFIER = com.jaureguialzo.TurnoClaseProfesor;
				PRODUCT_NAME = "$(TARGET_NAME)";
				PROVISIONING_PROFILE = "";
				PROVISIONING_PROFILE_SPECIFIER = "";
				SWIFT_VERSION = 4.2;
				TARGETED_DEVICE_FAMILY = "1,2";
			};
			name = Release;
		};
/* End XCBuildConfiguration section */

/* Begin XCConfigurationList section */
		41B669B81FC10B7300DEB965 /* Build configuration list for PBXNativeTarget "TurnoClaseProfesorUITests" */ = {
			isa = XCConfigurationList;
			buildConfigurations = (
				41B669B61FC10B7300DEB965 /* Debug */,
				41B669B71FC10B7300DEB965 /* Release */,
			);
			defaultConfigurationIsVisible = 0;
			defaultConfigurationName = Release;
		};
		41F4C5C41B34BCD5004AA55E /* Build configuration list for PBXProject "TurnoClaseProfesor" */ = {
			isa = XCConfigurationList;
			buildConfigurations = (
				41F4C5E61B34BCD6004AA55E /* Debug */,
				41F4C5E71B34BCD6004AA55E /* Release */,
			);
			defaultConfigurationIsVisible = 0;
			defaultConfigurationName = Release;
		};
		41F4C5E81B34BCD6004AA55E /* Build configuration list for PBXNativeTarget "TurnoClaseProfesor" */ = {
			isa = XCConfigurationList;
			buildConfigurations = (
				41F4C5E91B34BCD6004AA55E /* Debug */,
				41F4C5EA1B34BCD6004AA55E /* Release */,
			);
			defaultConfigurationIsVisible = 0;
			defaultConfigurationName = Release;
		};
/* End XCConfigurationList section */
	};
	rootObject = 41F4C5C11B34BCD5004AA55E /* Project object */;
}
