// !$*UTF8*$!
{
	archiveVersion = 1;
	classes = {
	};
	objectVersion = 52;
	objects = {

/* Begin PBXBuildFile section */
		03354751DBF8642610BA6156 /* Pods_TurnoClaseProfesor.framework in Frameworks */ = {isa = PBXBuildFile; fileRef = 13994CCB709873A7C6C55E01 /* Pods_TurnoClaseProfesor.framework */; };
		410A3E171FC42F1500B3AC3D /* Interface.storyboard in Resources */ = {isa = PBXBuildFile; fileRef = 410A3E151FC42F1500B3AC3D /* Interface.storyboard */; };
		410A3E191FC42F1500B3AC3D /* Assets.xcassets in Resources */ = {isa = PBXBuildFile; fileRef = 410A3E181FC42F1500B3AC3D /* Assets.xcassets */; };
		410A3E201FC42F1500B3AC3D /* TurnoClaseProfesorWatch Extension.appex in Embed App Extensions */ = {isa = PBXBuildFile; fileRef = 410A3E1F1FC42F1500B3AC3D /* TurnoClaseProfesorWatch Extension.appex */; settings = {ATTRIBUTES = (RemoveHeadersOnCopy, ); }; };
		410A3E271FC42F1500B3AC3D /* ExtensionDelegate.swift in Sources */ = {isa = PBXBuildFile; fileRef = 410A3E261FC42F1500B3AC3D /* ExtensionDelegate.swift */; };
		410A3E291FC42F1500B3AC3D /* Assets.xcassets in Resources */ = {isa = PBXBuildFile; fileRef = 410A3E281FC42F1500B3AC3D /* Assets.xcassets */; };
		410A3E2D1FC42F1500B3AC3D /* TurnoClaseProfesorWatch.app in Embed Watch Content */ = {isa = PBXBuildFile; fileRef = 410A3E131FC42F1500B3AC3D /* TurnoClaseProfesorWatch.app */; platformFilter = ios; };
		410D71001FA8D1B8009AC062 /* GoogleService-Info.plist in Resources */ = {isa = PBXBuildFile; fileRef = 410D70FF1FA8D1B8009AC062 /* GoogleService-Info.plist */; };
		411081552173FDF900ADD784 /* Localizable.strings in Resources */ = {isa = PBXBuildFile; fileRef = 411081572173FDF900ADD784 /* Localizable.strings */; };
		4110815C2173FF4700ADD784 /* Localizable.strings in Resources */ = {isa = PBXBuildFile; fileRef = 411081572173FDF900ADD784 /* Localizable.strings */; };
		4110815E217402BA00ADD784 /* Localizable.strings in Resources */ = {isa = PBXBuildFile; fileRef = 411081572173FDF900ADD784 /* Localizable.strings */; };
		4148914E26FF11E0008D9B9C /* Reachability in Frameworks */ = {isa = PBXBuildFile; productRef = 4148914D26FF11E0008D9B9C /* Reachability */; };
		414C7985221F998F003E97E4 /* TurnoClaseShared.framework in Frameworks */ = {isa = PBXBuildFile; fileRef = 413592C3221F84BD0089E71C /* TurnoClaseShared.framework */; };
		414C7986221F998F003E97E4 /* TurnoClaseShared.framework in Embed Frameworks */ = {isa = PBXBuildFile; fileRef = 413592C3221F84BD0089E71C /* TurnoClaseShared.framework */; settings = {ATTRIBUTES = (CodeSignOnCopy, RemoveHeadersOnCopy, ); }; };
		414C7993221F9CB5003E97E4 /* TurnoClaseSharedWatch.framework in Frameworks */ = {isa = PBXBuildFile; fileRef = 414C7992221F9CB5003E97E4 /* TurnoClaseSharedWatch.framework */; };
		414C7994221F9CB5003E97E4 /* TurnoClaseSharedWatch.framework in Embed Frameworks */ = {isa = PBXBuildFile; fileRef = 414C7992221F9CB5003E97E4 /* TurnoClaseSharedWatch.framework */; settings = {ATTRIBUTES = (CodeSignOnCopy, RemoveHeadersOnCopy, ); }; };
		417450A9263B5D2A001E3421 /* InfoPlist.strings in Resources */ = {isa = PBXBuildFile; fileRef = 417450AB263B5D2A001E3421 /* InfoPlist.strings */; };
		4185BE7B26396E35002706CF /* FirebaseAuth in Frameworks */ = {isa = PBXBuildFile; productRef = 4185BE7A26396E35002706CF /* FirebaseAuth */; };
		4185BE7D26396E35002706CF /* FirebaseFirestore in Frameworks */ = {isa = PBXBuildFile; productRef = 4185BE7C26396E35002706CF /* FirebaseFirestore */; };
		4185BE7F26396E35002706CF /* FirebaseFunctions in Frameworks */ = {isa = PBXBuildFile; productRef = 4185BE7E26396E35002706CF /* FirebaseFunctions */; };
		4185BE8A263975A8002706CF /* XCGLogger in Frameworks */ = {isa = PBXBuildFile; productRef = 4185BE89263975A8002706CF /* XCGLogger */; };
		41983C7727EA0E96001B524A /* FirebaseAppCheck in Frameworks */ = {isa = PBXBuildFile; productRef = 41983C7627EA0E96001B524A /* FirebaseAppCheck */; };
		41A59BDF1B51643B000E3C8E /* Settings.bundle in Resources */ = {isa = PBXBuildFile; fileRef = 41A59BDE1B51643B000E3C8E /* Settings.bundle */; };
		41A59BE21B516A20000E3C8E /* Licenses in Resources */ = {isa = PBXBuildFile; fileRef = 41A59BE11B516A20000E3C8E /* Licenses */; };
		41B669B21FC10B7300DEB965 /* TurnoClaseProfesorUITests.swift in Sources */ = {isa = PBXBuildFile; fileRef = 41B669B11FC10B7300DEB965 /* TurnoClaseProfesorUITests.swift */; };
		41B669BC1FC10D3000DEB965 /* SnapshotHelper.swift in Sources */ = {isa = PBXBuildFile; fileRef = 41B669BB1FC10D3000DEB965 /* SnapshotHelper.swift */; };
		41F4C5CF1B34BCD5004AA55E /* AppDelegate.swift in Sources */ = {isa = PBXBuildFile; fileRef = 41F4C5CE1B34BCD5004AA55E /* AppDelegate.swift */; };
		41F4C5D11B34BCD5004AA55E /* ViewController.swift in Sources */ = {isa = PBXBuildFile; fileRef = 41F4C5D01B34BCD5004AA55E /* ViewController.swift */; };
		41F4C5D41B34BCD5004AA55E /* Main.storyboard in Resources */ = {isa = PBXBuildFile; fileRef = 41F4C5D21B34BCD5004AA55E /* Main.storyboard */; };
		41F4C5D61B34BCD5004AA55E /* Images.xcassets in Resources */ = {isa = PBXBuildFile; fileRef = 41F4C5D51B34BCD5004AA55E /* Images.xcassets */; };
		41F4C5D91B34BCD6004AA55E /* LaunchScreen.xib in Resources */ = {isa = PBXBuildFile; fileRef = 41F4C5D71B34BCD6004AA55E /* LaunchScreen.xib */; };
		41F8B927216A156D006EBBAC /* Teclado.swift in Sources */ = {isa = PBXBuildFile; fileRef = 41F8B926216A156D006EBBAC /* Teclado.swift */; };
		41FBD076217B397F007FFCA2 /* InterfaceController.swift in Sources */ = {isa = PBXBuildFile; fileRef = 410A3E241FC42F1500B3AC3D /* InterfaceController.swift */; };
		C6FDB4D28A1D7A94784141B5 /* Pods_TurnoClaseProfesorWatch_Extension.framework in Frameworks */ = {isa = PBXBuildFile; fileRef = C9169F3BE64962A8D553ADE3 /* Pods_TurnoClaseProfesorWatch_Extension.framework */; };
/* End PBXBuildFile section */

/* Begin PBXContainerItemProxy section */
		410A3E211FC42F1500B3AC3D /* PBXContainerItemProxy */ = {
			isa = PBXContainerItemProxy;
			containerPortal = 41F4C5C11B34BCD5004AA55E /* Project object */;
			proxyType = 1;
			remoteGlobalIDString = 410A3E1E1FC42F1500B3AC3D;
			remoteInfo = "TurnoClaseProfesorWatch Extension";
		};
		410A3E2B1FC42F1500B3AC3D /* PBXContainerItemProxy */ = {
			isa = PBXContainerItemProxy;
			containerPortal = 41F4C5C11B34BCD5004AA55E /* Project object */;
			proxyType = 1;
			remoteGlobalIDString = 410A3E121FC42F1500B3AC3D;
			remoteInfo = TurnoClaseProfesorWatch;
		};
		41B669B41FC10B7300DEB965 /* PBXContainerItemProxy */ = {
			isa = PBXContainerItemProxy;
			containerPortal = 41F4C5C11B34BCD5004AA55E /* Project object */;
			proxyType = 1;
			remoteGlobalIDString = 41F4C5C81B34BCD5004AA55E;
			remoteInfo = TurnoClaseProfesor;
		};
/* End PBXContainerItemProxy section */

/* Begin PBXCopyFilesBuildPhase section */
		410A3E331FC42F1500B3AC3D /* Embed App Extensions */ = {
			isa = PBXCopyFilesBuildPhase;
			buildActionMask = 2147483647;
			dstPath = "";
			dstSubfolderSpec = 13;
			files = (
				410A3E201FC42F1500B3AC3D /* TurnoClaseProfesorWatch Extension.appex in Embed App Extensions */,
			);
			name = "Embed App Extensions";
			runOnlyForDeploymentPostprocessing = 0;
		};
		410A3E351FC42F1500B3AC3D /* Embed Watch Content */ = {
			isa = PBXCopyFilesBuildPhase;
			buildActionMask = 2147483647;
			dstPath = "$(CONTENTS_FOLDER_PATH)/Watch";
			dstSubfolderSpec = 16;
			files = (
				410A3E2D1FC42F1500B3AC3D /* TurnoClaseProfesorWatch.app in Embed Watch Content */,
			);
			name = "Embed Watch Content";
			runOnlyForDeploymentPostprocessing = 0;
		};
		414C7987221F998F003E97E4 /* Embed Frameworks */ = {
			isa = PBXCopyFilesBuildPhase;
			buildActionMask = 2147483647;
			dstPath = "";
			dstSubfolderSpec = 10;
			files = (
				414C7986221F998F003E97E4 /* TurnoClaseShared.framework in Embed Frameworks */,
			);
			name = "Embed Frameworks";
			runOnlyForDeploymentPostprocessing = 0;
		};
		414C7991221F9C69003E97E4 /* Embed Frameworks */ = {
			isa = PBXCopyFilesBuildPhase;
			buildActionMask = 2147483647;
			dstPath = "";
			dstSubfolderSpec = 10;
			files = (
			);
			name = "Embed Frameworks";
			runOnlyForDeploymentPostprocessing = 0;
		};
		414C7995221F9CB5003E97E4 /* Embed Frameworks */ = {
			isa = PBXCopyFilesBuildPhase;
			buildActionMask = 2147483647;
			dstPath = "";
			dstSubfolderSpec = 10;
			files = (
				414C7994221F9CB5003E97E4 /* TurnoClaseSharedWatch.framework in Embed Frameworks */,
			);
			name = "Embed Frameworks";
			runOnlyForDeploymentPostprocessing = 0;
		};
/* End PBXCopyFilesBuildPhase section */

/* Begin PBXFileReference section */
		13994CCB709873A7C6C55E01 /* Pods_TurnoClaseProfesor.framework */ = {isa = PBXFileReference; explicitFileType = wrapper.framework; includeInIndex = 0; path = Pods_TurnoClaseProfesor.framework; sourceTree = BUILT_PRODUCTS_DIR; };
		410A3E131FC42F1500B3AC3D /* TurnoClaseProfesorWatch.app */ = {isa = PBXFileReference; explicitFileType = wrapper.application; includeInIndex = 0; path = TurnoClaseProfesorWatch.app; sourceTree = BUILT_PRODUCTS_DIR; };
		410A3E181FC42F1500B3AC3D /* Assets.xcassets */ = {isa = PBXFileReference; lastKnownFileType = folder.assetcatalog; path = Assets.xcassets; sourceTree = "<group>"; };
		410A3E1A1FC42F1500B3AC3D /* Info.plist */ = {isa = PBXFileReference; lastKnownFileType = text.plist.xml; path = Info.plist; sourceTree = "<group>"; };
		410A3E1F1FC42F1500B3AC3D /* TurnoClaseProfesorWatch Extension.appex */ = {isa = PBXFileReference; explicitFileType = "wrapper.app-extension"; includeInIndex = 0; path = "TurnoClaseProfesorWatch Extension.appex"; sourceTree = BUILT_PRODUCTS_DIR; };
		410A3E241FC42F1500B3AC3D /* InterfaceController.swift */ = {isa = PBXFileReference; fileEncoding = 4; lastKnownFileType = sourcecode.swift; path = InterfaceController.swift; sourceTree = "<group>"; };
		410A3E261FC42F1500B3AC3D /* ExtensionDelegate.swift */ = {isa = PBXFileReference; lastKnownFileType = sourcecode.swift; path = ExtensionDelegate.swift; sourceTree = "<group>"; };
		410A3E281FC42F1500B3AC3D /* Assets.xcassets */ = {isa = PBXFileReference; lastKnownFileType = folder.assetcatalog; path = Assets.xcassets; sourceTree = "<group>"; };
		410A3E2A1FC42F1500B3AC3D /* Info.plist */ = {isa = PBXFileReference; lastKnownFileType = text.plist.xml; path = Info.plist; sourceTree = "<group>"; };
		410D70FF1FA8D1B8009AC062 /* GoogleService-Info.plist */ = {isa = PBXFileReference; fileEncoding = 4; lastKnownFileType = text.plist.xml; path = "GoogleService-Info.plist"; sourceTree = "<group>"; };
		411081562173FDF900ADD784 /* es */ = {isa = PBXFileReference; lastKnownFileType = text.plist.strings; name = es; path = es.lproj/Localizable.strings; sourceTree = "<group>"; };
		411081582173FDFF00ADD784 /* eu */ = {isa = PBXFileReference; lastKnownFileType = text.plist.strings; name = eu; path = eu.lproj/Localizable.strings; sourceTree = "<group>"; };
		411081592173FE0300ADD784 /* en */ = {isa = PBXFileReference; lastKnownFileType = text.plist.strings; name = en; path = en.lproj/Localizable.strings; sourceTree = "<group>"; };
		4110815B2173FEF600ADD784 /* Base */ = {isa = PBXFileReference; lastKnownFileType = file.storyboard; name = Base; path = Base.lproj/Interface.storyboard; sourceTree = "<group>"; };
		413592C3221F84BD0089E71C /* TurnoClaseShared.framework */ = {isa = PBXFileReference; explicitFileType = wrapper.framework; path = TurnoClaseShared.framework; sourceTree = BUILT_PRODUCTS_DIR; };
		414C7992221F9CB5003E97E4 /* TurnoClaseSharedWatch.framework */ = {isa = PBXFileReference; explicitFileType = wrapper.framework; path = TurnoClaseSharedWatch.framework; sourceTree = BUILT_PRODUCTS_DIR; };
		41675B1E1B553EC1001696CE /* es */ = {isa = PBXFileReference; lastKnownFileType = text.plist.strings; name = es; path = es.lproj/Main.strings; sourceTree = "<group>"; };
		41675B1F1B553EC1001696CE /* es */ = {isa = PBXFileReference; lastKnownFileType = text.plist.strings; name = es; path = es.lproj/LaunchScreen.strings; sourceTree = "<group>"; };
		41675B201B553EE9001696CE /* eu */ = {isa = PBXFileReference; lastKnownFileType = text.plist.strings; name = eu; path = eu.lproj/Main.strings; sourceTree = "<group>"; };
		41675B211B553EE9001696CE /* eu */ = {isa = PBXFileReference; lastKnownFileType = text.plist.strings; name = eu; path = eu.lproj/LaunchScreen.strings; sourceTree = "<group>"; };
		417450AA263B5D2A001E3421 /* en */ = {isa = PBXFileReference; lastKnownFileType = text.plist.strings; name = en; path = en.lproj/InfoPlist.strings; sourceTree = "<group>"; };
		417450AC263B5D31001E3421 /* eu */ = {isa = PBXFileReference; lastKnownFileType = text.plist.strings; name = eu; path = eu.lproj/InfoPlist.strings; sourceTree = "<group>"; };
		417450AD263B5D35001E3421 /* es */ = {isa = PBXFileReference; lastKnownFileType = text.plist.strings; name = es; path = es.lproj/InfoPlist.strings; sourceTree = "<group>"; };
		4199FF0C1E32F16500F9E42F /* TurnoClaseProfesor.entitlements */ = {isa = PBXFileReference; lastKnownFileType = text.plist.entitlements; path = TurnoClaseProfesor.entitlements; sourceTree = "<group>"; };
		41A59BDE1B51643B000E3C8E /* Settings.bundle */ = {isa = PBXFileReference; lastKnownFileType = "wrapper.plug-in"; name = Settings.bundle; path = TurnoClaseProfesor/Settings.bundle; sourceTree = "<group>"; };
		41A59BE11B516A20000E3C8E /* Licenses */ = {isa = PBXFileReference; lastKnownFileType = folder; name = Licenses; path = TurnoClaseProfesor/Licenses; sourceTree = "<group>"; };
		41B669AF1FC10B7300DEB965 /* TurnoClaseProfesorUITests.xctest */ = {isa = PBXFileReference; explicitFileType = wrapper.cfbundle; includeInIndex = 0; path = TurnoClaseProfesorUITests.xctest; sourceTree = BUILT_PRODUCTS_DIR; };
		41B669B11FC10B7300DEB965 /* TurnoClaseProfesorUITests.swift */ = {isa = PBXFileReference; lastKnownFileType = sourcecode.swift; path = TurnoClaseProfesorUITests.swift; sourceTree = "<group>"; };
		41B669B31FC10B7300DEB965 /* Info.plist */ = {isa = PBXFileReference; lastKnownFileType = text.plist.xml; path = Info.plist; sourceTree = "<group>"; };
		41B669BB1FC10D3000DEB965 /* SnapshotHelper.swift */ = {isa = PBXFileReference; fileEncoding = 4; lastKnownFileType = sourcecode.swift; name = SnapshotHelper.swift; path = fastlane/SnapshotHelper.swift; sourceTree = SOURCE_ROOT; };
		41F4C5C91B34BCD5004AA55E /* TurnoClase Teacher.app */ = {isa = PBXFileReference; explicitFileType = wrapper.application; includeInIndex = 0; path = "TurnoClase Teacher.app"; sourceTree = BUILT_PRODUCTS_DIR; };
		41F4C5CD1B34BCD5004AA55E /* Info.plist */ = {isa = PBXFileReference; lastKnownFileType = text.plist.xml; path = Info.plist; sourceTree = "<group>"; };
		41F4C5CE1B34BCD5004AA55E /* AppDelegate.swift */ = {isa = PBXFileReference; lastKnownFileType = sourcecode.swift; path = AppDelegate.swift; sourceTree = "<group>"; };
		41F4C5D01B34BCD5004AA55E /* ViewController.swift */ = {isa = PBXFileReference; fileEncoding = 4; lastKnownFileType = sourcecode.swift; path = ViewController.swift; sourceTree = "<group>"; };
		41F4C5D31B34BCD5004AA55E /* Base */ = {isa = PBXFileReference; lastKnownFileType = file.storyboard; name = Base; path = Base.lproj/Main.storyboard; sourceTree = "<group>"; };
		41F4C5D51B34BCD5004AA55E /* Images.xcassets */ = {isa = PBXFileReference; lastKnownFileType = folder.assetcatalog; path = Images.xcassets; sourceTree = "<group>"; };
		41F4C5D81B34BCD6004AA55E /* Base */ = {isa = PBXFileReference; lastKnownFileType = file.xib; name = Base; path = Base.lproj/LaunchScreen.xib; sourceTree = "<group>"; };
		41F8B926216A156D006EBBAC /* Teclado.swift */ = {isa = PBXFileReference; lastKnownFileType = sourcecode.swift; path = Teclado.swift; sourceTree = "<group>"; };
		A2B5FCD9A98F46DE39F2C927 /* Pods-TurnoClaseProfesor.debug.xcconfig */ = {isa = PBXFileReference; includeInIndex = 1; lastKnownFileType = text.xcconfig; name = "Pods-TurnoClaseProfesor.debug.xcconfig"; path = "../Pods/Target Support Files/Pods-TurnoClaseProfesor/Pods-TurnoClaseProfesor.debug.xcconfig"; sourceTree = "<group>"; };
		AEF6504144637E62FC53D0E7 /* Pods-TurnoClaseProfesorWatch Extension.debug.xcconfig */ = {isa = PBXFileReference; includeInIndex = 1; lastKnownFileType = text.xcconfig; name = "Pods-TurnoClaseProfesorWatch Extension.debug.xcconfig"; path = "../Pods/Target Support Files/Pods-TurnoClaseProfesorWatch Extension/Pods-TurnoClaseProfesorWatch Extension.debug.xcconfig"; sourceTree = "<group>"; };
		C8F0C998A673C21B6D08D9D4 /* Pods-TurnoClaseProfesor.release.xcconfig */ = {isa = PBXFileReference; includeInIndex = 1; lastKnownFileType = text.xcconfig; name = "Pods-TurnoClaseProfesor.release.xcconfig"; path = "../Pods/Target Support Files/Pods-TurnoClaseProfesor/Pods-TurnoClaseProfesor.release.xcconfig"; sourceTree = "<group>"; };
		C9169F3BE64962A8D553ADE3 /* Pods_TurnoClaseProfesorWatch_Extension.framework */ = {isa = PBXFileReference; explicitFileType = wrapper.framework; includeInIndex = 0; path = Pods_TurnoClaseProfesorWatch_Extension.framework; sourceTree = BUILT_PRODUCTS_DIR; };
		EEC2D70D195470DB34D41967 /* Pods-TurnoClaseProfesorWatch Extension.release.xcconfig */ = {isa = PBXFileReference; includeInIndex = 1; lastKnownFileType = text.xcconfig; name = "Pods-TurnoClaseProfesorWatch Extension.release.xcconfig"; path = "../Pods/Target Support Files/Pods-TurnoClaseProfesorWatch Extension/Pods-TurnoClaseProfesorWatch Extension.release.xcconfig"; sourceTree = "<group>"; };
/* End PBXFileReference section */

/* Begin PBXFrameworksBuildPhase section */
		410A3E1C1FC42F1500B3AC3D /* Frameworks */ = {
			isa = PBXFrameworksBuildPhase;
			buildActionMask = 2147483647;
			files = (
				C6FDB4D28A1D7A94784141B5 /* Pods_TurnoClaseProfesorWatch_Extension.framework in Frameworks */,
				414C7993221F9CB5003E97E4 /* TurnoClaseSharedWatch.framework in Frameworks */,
			);
			runOnlyForDeploymentPostprocessing = 0;
		};
		41B669AC1FC10B7300DEB965 /* Frameworks */ = {
			isa = PBXFrameworksBuildPhase;
			buildActionMask = 2147483647;
			files = (
			);
			runOnlyForDeploymentPostprocessing = 0;
		};
		41F4C5C61B34BCD5004AA55E /* Frameworks */ = {
			isa = PBXFrameworksBuildPhase;
			buildActionMask = 2147483647;
			files = (
				41983C7727EA0E96001B524A /* FirebaseAppCheck in Frameworks */,
				414C7985221F998F003E97E4 /* TurnoClaseShared.framework in Frameworks */,
				4148914E26FF11E0008D9B9C /* Reachability in Frameworks */,
				4185BE7D26396E35002706CF /* FirebaseFirestore in Frameworks */,
				4185BE7F26396E35002706CF /* FirebaseFunctions in Frameworks */,
				4185BE7B26396E35002706CF /* FirebaseAuth in Frameworks */,
				03354751DBF8642610BA6156 /* Pods_TurnoClaseProfesor.framework in Frameworks */,
				4185BE8A263975A8002706CF /* XCGLogger in Frameworks */,
			);
			runOnlyForDeploymentPostprocessing = 0;
		};
		F4F5865541D07C3C50CAB478 /* Frameworks */ = {
			isa = PBXFrameworksBuildPhase;
			buildActionMask = 2147483647;
			files = (
			);
			runOnlyForDeploymentPostprocessing = 0;
		};
/* End PBXFrameworksBuildPhase section */

/* Begin PBXGroup section */
		410A3E141FC42F1500B3AC3D /* TurnoClaseProfesorWatch */ = {
			isa = PBXGroup;
			children = (
				410A3E151FC42F1500B3AC3D /* Interface.storyboard */,
				410A3E181FC42F1500B3AC3D /* Assets.xcassets */,
				410A3E1A1FC42F1500B3AC3D /* Info.plist */,
			);
			path = TurnoClaseProfesorWatch;
			sourceTree = "<group>";
		};
		410A3E231FC42F1500B3AC3D /* TurnoClaseProfesorWatch Extension */ = {
			isa = PBXGroup;
			children = (
				410A3E241FC42F1500B3AC3D /* InterfaceController.swift */,
				410A3E261FC42F1500B3AC3D /* ExtensionDelegate.swift */,
				410A3E281FC42F1500B3AC3D /* Assets.xcassets */,
				410A3E2A1FC42F1500B3AC3D /* Info.plist */,
			);
			path = "TurnoClaseProfesorWatch Extension";
			sourceTree = "<group>";
		};
		41A59BE01B516444000E3C8E /* Resources */ = {
			isa = PBXGroup;
			children = (
				41A59BDE1B51643B000E3C8E /* Settings.bundle */,
				41A59BE11B516A20000E3C8E /* Licenses */,
			);
			name = Resources;
			sourceTree = "<group>";
		};
		41B669B01FC10B7300DEB965 /* TurnoClaseProfesorUITests */ = {
			isa = PBXGroup;
			children = (
				41B669BB1FC10D3000DEB965 /* SnapshotHelper.swift */,
				41B669B11FC10B7300DEB965 /* TurnoClaseProfesorUITests.swift */,
				41B669B31FC10B7300DEB965 /* Info.plist */,
			);
			path = TurnoClaseProfesorUITests;
			sourceTree = "<group>";
		};
		41BD61D51FB79575002385FE /* UI */ = {
			isa = PBXGroup;
			children = (
				41F4C5D21B34BCD5004AA55E /* Main.storyboard */,
				41F4C5D51B34BCD5004AA55E /* Images.xcassets */,
				41F4C5D71B34BCD6004AA55E /* LaunchScreen.xib */,
				411081572173FDF900ADD784 /* Localizable.strings */,
			);
			name = UI;
			sourceTree = "<group>";
		};
		41F4C5C01B34BCD5004AA55E = {
			isa = PBXGroup;
			children = (
				41F4C5CB1B34BCD5004AA55E /* TurnoClaseProfesor */,
				41B669B01FC10B7300DEB965 /* TurnoClaseProfesorUITests */,
				41A59BE01B516444000E3C8E /* Resources */,
				410A3E141FC42F1500B3AC3D /* TurnoClaseProfesorWatch */,
				410A3E231FC42F1500B3AC3D /* TurnoClaseProfesorWatch Extension */,
				41F4C5CA1B34BCD5004AA55E /* Products */,
				C7081229FC52421FC6A6135B /* Pods */,
				5031ED4ECEA45C73F5F6EF1B /* Frameworks */,
			);
			sourceTree = "<group>";
		};
		41F4C5CA1B34BCD5004AA55E /* Products */ = {
			isa = PBXGroup;
			children = (
				41F4C5C91B34BCD5004AA55E /* TurnoClase Teacher.app */,
				41B669AF1FC10B7300DEB965 /* TurnoClaseProfesorUITests.xctest */,
				410A3E131FC42F1500B3AC3D /* TurnoClaseProfesorWatch.app */,
				410A3E1F1FC42F1500B3AC3D /* TurnoClaseProfesorWatch Extension.appex */,
			);
			name = Products;
			sourceTree = "<group>";
		};
		41F4C5CB1B34BCD5004AA55E /* TurnoClaseProfesor */ = {
			isa = PBXGroup;
			children = (
				41F4C5CE1B34BCD5004AA55E /* AppDelegate.swift */,
				41F4C5D01B34BCD5004AA55E /* ViewController.swift */,
				41F8B926216A156D006EBBAC /* Teclado.swift */,
				41BD61D51FB79575002385FE /* UI */,
				41F4C5CC1B34BCD5004AA55E /* Supporting Files */,
			);
			path = TurnoClaseProfesor;
			sourceTree = "<group>";
		};
		41F4C5CC1B34BCD5004AA55E /* Supporting Files */ = {
			isa = PBXGroup;
			children = (
				4199FF0C1E32F16500F9E42F /* TurnoClaseProfesor.entitlements */,
				410D70FF1FA8D1B8009AC062 /* GoogleService-Info.plist */,
				41F4C5CD1B34BCD5004AA55E /* Info.plist */,
				417450AB263B5D2A001E3421 /* InfoPlist.strings */,
			);
			name = "Supporting Files";
			sourceTree = "<group>";
		};
		5031ED4ECEA45C73F5F6EF1B /* Frameworks */ = {
			isa = PBXGroup;
			children = (
				413592C3221F84BD0089E71C /* TurnoClaseShared.framework */,
				13994CCB709873A7C6C55E01 /* Pods_TurnoClaseProfesor.framework */,
				414C7992221F9CB5003E97E4 /* TurnoClaseSharedWatch.framework */,
				C9169F3BE64962A8D553ADE3 /* Pods_TurnoClaseProfesorWatch_Extension.framework */,
			);
			name = Frameworks;
			sourceTree = "<group>";
		};
		C7081229FC52421FC6A6135B /* Pods */ = {
			isa = PBXGroup;
			children = (
				A2B5FCD9A98F46DE39F2C927 /* Pods-TurnoClaseProfesor.debug.xcconfig */,
				C8F0C998A673C21B6D08D9D4 /* Pods-TurnoClaseProfesor.release.xcconfig */,
				AEF6504144637E62FC53D0E7 /* Pods-TurnoClaseProfesorWatch Extension.debug.xcconfig */,
				EEC2D70D195470DB34D41967 /* Pods-TurnoClaseProfesorWatch Extension.release.xcconfig */,
			);
			name = Pods;
			sourceTree = "<group>";
		};
/* End PBXGroup section */

/* Begin PBXNativeTarget section */
		410A3E121FC42F1500B3AC3D /* TurnoClaseProfesorWatch */ = {
			isa = PBXNativeTarget;
			buildConfigurationList = 410A3E341FC42F1500B3AC3D /* Build configuration list for PBXNativeTarget "TurnoClaseProfesorWatch" */;
			buildPhases = (
				410A3E111FC42F1500B3AC3D /* Resources */,
				410A3E331FC42F1500B3AC3D /* Embed App Extensions */,
				F4F5865541D07C3C50CAB478 /* Frameworks */,
				414C7991221F9C69003E97E4 /* Embed Frameworks */,
			);
			buildRules = (
			);
			dependencies = (
				410A3E221FC42F1500B3AC3D /* PBXTargetDependency */,
			);
			name = TurnoClaseProfesorWatch;
			productName = TurnoClaseProfesorWatch;
			productReference = 410A3E131FC42F1500B3AC3D /* TurnoClaseProfesorWatch.app */;
			productType = "com.apple.product-type.application.watchapp2";
		};
		410A3E1E1FC42F1500B3AC3D /* TurnoClaseProfesorWatch Extension */ = {
			isa = PBXNativeTarget;
			buildConfigurationList = 410A3E321FC42F1500B3AC3D /* Build configuration list for PBXNativeTarget "TurnoClaseProfesorWatch Extension" */;
			buildPhases = (
				80E6339796820AB15ADDD957 /* [CP] Check Pods Manifest.lock */,
				410A3E1B1FC42F1500B3AC3D /* Sources */,
				410A3E1C1FC42F1500B3AC3D /* Frameworks */,
				410A3E1D1FC42F1500B3AC3D /* Resources */,
				58164D55F8CEF4F64B109A0E /* [CP] Embed Pods Frameworks */,
				414C7995221F9CB5003E97E4 /* Embed Frameworks */,
			);
			buildRules = (
			);
			dependencies = (
			);
			name = "TurnoClaseProfesorWatch Extension";
			productName = "TurnoClaseProfesorWatch Extension";
			productReference = 410A3E1F1FC42F1500B3AC3D /* TurnoClaseProfesorWatch Extension.appex */;
			productType = "com.apple.product-type.watchkit2-extension";
		};
		41B669AE1FC10B7300DEB965 /* TurnoClaseProfesorUITests */ = {
			isa = PBXNativeTarget;
			buildConfigurationList = 41B669B81FC10B7300DEB965 /* Build configuration list for PBXNativeTarget "TurnoClaseProfesorUITests" */;
			buildPhases = (
				41B669AB1FC10B7300DEB965 /* Sources */,
				41B669AC1FC10B7300DEB965 /* Frameworks */,
				41B669AD1FC10B7300DEB965 /* Resources */,
			);
			buildRules = (
			);
			dependencies = (
				41B669B51FC10B7300DEB965 /* PBXTargetDependency */,
			);
			name = TurnoClaseProfesorUITests;
			productName = TurnoClaseProfesorUITests;
			productReference = 41B669AF1FC10B7300DEB965 /* TurnoClaseProfesorUITests.xctest */;
			productType = "com.apple.product-type.bundle.ui-testing";
		};
		41F4C5C81B34BCD5004AA55E /* TurnoClaseProfesor */ = {
			isa = PBXNativeTarget;
			buildConfigurationList = 41F4C5E81B34BCD6004AA55E /* Build configuration list for PBXNativeTarget "TurnoClaseProfesor" */;
			buildPhases = (
				69F8D8E51D129774679F12D9 /* [CP] Check Pods Manifest.lock */,
				41F4C5C51B34BCD5004AA55E /* Sources */,
				41F4C5C61B34BCD5004AA55E /* Frameworks */,
				41F4C5C71B34BCD5004AA55E /* Resources */,
				410A3E351FC42F1500B3AC3D /* Embed Watch Content */,
				086D67162CA5CA8247BFCBEB /* [CP] Embed Pods Frameworks */,
				414C7987221F998F003E97E4 /* Embed Frameworks */,
			);
			buildRules = (
			);
			dependencies = (
				410A3E2C1FC42F1500B3AC3D /* PBXTargetDependency */,
			);
			name = TurnoClaseProfesor;
			packageProductDependencies = (
				4185BE7A26396E35002706CF /* FirebaseAuth */,
				4185BE7C26396E35002706CF /* FirebaseFirestore */,
				4185BE7E26396E35002706CF /* FirebaseFunctions */,
				4185BE89263975A8002706CF /* XCGLogger */,
				4148914D26FF11E0008D9B9C /* Reachability */,
				41983C7627EA0E96001B524A /* FirebaseAppCheck */,
			);
			productName = TurnoClaseProfesor;
			productReference = 41F4C5C91B34BCD5004AA55E /* TurnoClase Teacher.app */;
			productType = "com.apple.product-type.application";
		};
/* End PBXNativeTarget section */

/* Begin PBXProject section */
		41F4C5C11B34BCD5004AA55E /* Project object */ = {
			isa = PBXProject;
			attributes = {
				LastSwiftMigration = 0700;
				LastSwiftUpdateCheck = 0910;
				LastUpgradeCheck = 1220;
				ORGANIZATIONNAME = "Ion Jaureguialzo Sarasola";
				TargetAttributes = {
					410A3E121FC42F1500B3AC3D = {
						CreatedOnToolsVersion = 9.1;
						DevelopmentTeam = RSEH385M54;
						ProvisioningStyle = Automatic;
					};
					410A3E1E1FC42F1500B3AC3D = {
						CreatedOnToolsVersion = 9.1;
						DevelopmentTeam = RSEH385M54;
						LastSwiftMigration = 1020;
						ProvisioningStyle = Automatic;
					};
					41B669AE1FC10B7300DEB965 = {
						CreatedOnToolsVersion = 9.1;
						LastSwiftMigration = 1020;
						ProvisioningStyle = Automatic;
						TestTargetID = 41F4C5C81B34BCD5004AA55E;
					};
					41F4C5C81B34BCD5004AA55E = {
						CreatedOnToolsVersion = 6.3.2;
						DevelopmentTeam = RSEH385M54;
						LastSwiftMigration = 1020;
						ProvisioningStyle = Automatic;
						SystemCapabilities = {
							com.apple.InAppPurchase = {
								enabled = 0;
							};
							com.apple.Push = {
								enabled = 1;
							};
						};
					};
				};
			};
			buildConfigurationList = 41F4C5C41B34BCD5004AA55E /* Build configuration list for PBXProject "TurnoClaseProfesor" */;
			compatibilityVersion = "Xcode 3.2";
			developmentRegion = en;
			hasScannedForEncodings = 0;
			knownRegions = (
				en,
				Base,
				es,
				eu,
			);
			mainGroup = 41F4C5C01B34BCD5004AA55E;
			packageReferences = (
				4185BE7926396E35002706CF /* XCRemoteSwiftPackageReference "firebase-ios-sdk" */,
				4185BE88263975A8002706CF /* XCRemoteSwiftPackageReference "XCGLogger" */,
				4148914C26FF11E0008D9B9C /* XCRemoteSwiftPackageReference "Reachability" */,
			);
			productRefGroup = 41F4C5CA1B34BCD5004AA55E /* Products */;
			projectDirPath = "";
			projectRoot = "";
			targets = (
				41F4C5C81B34BCD5004AA55E /* TurnoClaseProfesor */,
				41B669AE1FC10B7300DEB965 /* TurnoClaseProfesorUITests */,
				410A3E121FC42F1500B3AC3D /* TurnoClaseProfesorWatch */,
				410A3E1E1FC42F1500B3AC3D /* TurnoClaseProfesorWatch Extension */,
			);
		};
/* End PBXProject section */

/* Begin PBXResourcesBuildPhase section */
		410A3E111FC42F1500B3AC3D /* Resources */ = {
			isa = PBXResourcesBuildPhase;
			buildActionMask = 2147483647;
			files = (
				410A3E191FC42F1500B3AC3D /* Assets.xcassets in Resources */,
				4110815C2173FF4700ADD784 /* Localizable.strings in Resources */,
				410A3E171FC42F1500B3AC3D /* Interface.storyboard in Resources */,
			);
			runOnlyForDeploymentPostprocessing = 0;
		};
		410A3E1D1FC42F1500B3AC3D /* Resources */ = {
			isa = PBXResourcesBuildPhase;
			buildActionMask = 2147483647;
			files = (
				410A3E291FC42F1500B3AC3D /* Assets.xcassets in Resources */,
				4110815E217402BA00ADD784 /* Localizable.strings in Resources */,
			);
			runOnlyForDeploymentPostprocessing = 0;
		};
		41B669AD1FC10B7300DEB965 /* Resources */ = {
			isa = PBXResourcesBuildPhase;
			buildActionMask = 2147483647;
			files = (
			);
			runOnlyForDeploymentPostprocessing = 0;
		};
		41F4C5C71B34BCD5004AA55E /* Resources */ = {
			isa = PBXResourcesBuildPhase;
			buildActionMask = 2147483647;
			files = (
				410D71001FA8D1B8009AC062 /* GoogleService-Info.plist in Resources */,
				417450A9263B5D2A001E3421 /* InfoPlist.strings in Resources */,
				41F4C5D41B34BCD5004AA55E /* Main.storyboard in Resources */,
				41A59BDF1B51643B000E3C8E /* Settings.bundle in Resources */,
				411081552173FDF900ADD784 /* Localizable.strings in Resources */,
				41F4C5D91B34BCD6004AA55E /* LaunchScreen.xib in Resources */,
				41A59BE21B516A20000E3C8E /* Licenses in Resources */,
				41F4C5D61B34BCD5004AA55E /* Images.xcassets in Resources */,
			);
			runOnlyForDeploymentPostprocessing = 0;
		};
/* End PBXResourcesBuildPhase section */

/* Begin PBXShellScriptBuildPhase section */
		086D67162CA5CA8247BFCBEB /* [CP] Embed Pods Frameworks */ = {
			isa = PBXShellScriptBuildPhase;
			buildActionMask = 2147483647;
			files = (
			);
			inputPaths = (
				"${PODS_ROOT}/Target Support Files/Pods-TurnoClaseProfesor/Pods-TurnoClaseProfesor-frameworks.sh",
				"${BUILT_PRODUCTS_DIR}/Localize-Swift/Localize_Swift.framework",
			);
			name = "[CP] Embed Pods Frameworks";
			outputPaths = (
				"${TARGET_BUILD_DIR}/${FRAMEWORKS_FOLDER_PATH}/Localize_Swift.framework",
			);
			runOnlyForDeploymentPostprocessing = 0;
			shellPath = /bin/sh;
			shellScript = "\"${PODS_ROOT}/Target Support Files/Pods-TurnoClaseProfesor/Pods-TurnoClaseProfesor-frameworks.sh\"\n";
			showEnvVarsInLog = 0;
		};
		58164D55F8CEF4F64B109A0E /* [CP] Embed Pods Frameworks */ = {
			isa = PBXShellScriptBuildPhase;
			buildActionMask = 2147483647;
			files = (
			);
			inputPaths = (
				"${PODS_ROOT}/Target Support Files/Pods-TurnoClaseProfesorWatch Extension/Pods-TurnoClaseProfesorWatch Extension-frameworks.sh",
				"${BUILT_PRODUCTS_DIR}/Localize-Swift.root-LocalizeSwiftCore/Localize_Swift.framework",
			);
			name = "[CP] Embed Pods Frameworks";
			outputPaths = (
				"${TARGET_BUILD_DIR}/${FRAMEWORKS_FOLDER_PATH}/Localize_Swift.framework",
			);
			runOnlyForDeploymentPostprocessing = 0;
			shellPath = /bin/sh;
			shellScript = "\"${PODS_ROOT}/Target Support Files/Pods-TurnoClaseProfesorWatch Extension/Pods-TurnoClaseProfesorWatch Extension-frameworks.sh\"\n";
			showEnvVarsInLog = 0;
		};
		69F8D8E51D129774679F12D9 /* [CP] Check Pods Manifest.lock */ = {
			isa = PBXShellScriptBuildPhase;
			buildActionMask = 2147483647;
			files = (
			);
			inputFileListPaths = (
			);
			inputPaths = (
				"${PODS_PODFILE_DIR_PATH}/Podfile.lock",
				"${PODS_ROOT}/Manifest.lock",
			);
			name = "[CP] Check Pods Manifest.lock";
			outputFileListPaths = (
			);
			outputPaths = (
				"$(DERIVED_FILE_DIR)/Pods-TurnoClaseProfesor-checkManifestLockResult.txt",
			);
			runOnlyForDeploymentPostprocessing = 0;
			shellPath = /bin/sh;
			shellScript = "diff \"${PODS_PODFILE_DIR_PATH}/Podfile.lock\" \"${PODS_ROOT}/Manifest.lock\" > /dev/null\nif [ $? != 0 ] ; then\n    # print error to STDERR\n    echo \"error: The sandbox is not in sync with the Podfile.lock. Run 'pod install' or update your CocoaPods installation.\" >&2\n    exit 1\nfi\n# This output is used by Xcode 'outputs' to avoid re-running this script phase.\necho \"SUCCESS\" > \"${SCRIPT_OUTPUT_FILE_0}\"\n";
			showEnvVarsInLog = 0;
		};
		80E6339796820AB15ADDD957 /* [CP] Check Pods Manifest.lock */ = {
			isa = PBXShellScriptBuildPhase;
			buildActionMask = 2147483647;
			files = (
			);
			inputFileListPaths = (
			);
			inputPaths = (
				"${PODS_PODFILE_DIR_PATH}/Podfile.lock",
				"${PODS_ROOT}/Manifest.lock",
			);
			name = "[CP] Check Pods Manifest.lock";
			outputFileListPaths = (
			);
			outputPaths = (
				"$(DERIVED_FILE_DIR)/Pods-TurnoClaseProfesorWatch Extension-checkManifestLockResult.txt",
			);
			runOnlyForDeploymentPostprocessing = 0;
			shellPath = /bin/sh;
			shellScript = "diff \"${PODS_PODFILE_DIR_PATH}/Podfile.lock\" \"${PODS_ROOT}/Manifest.lock\" > /dev/null\nif [ $? != 0 ] ; then\n    # print error to STDERR\n    echo \"error: The sandbox is not in sync with the Podfile.lock. Run 'pod install' or update your CocoaPods installation.\" >&2\n    exit 1\nfi\n# This output is used by Xcode 'outputs' to avoid re-running this script phase.\necho \"SUCCESS\" > \"${SCRIPT_OUTPUT_FILE_0}\"\n";
			showEnvVarsInLog = 0;
		};
/* End PBXShellScriptBuildPhase section */

/* Begin PBXSourcesBuildPhase section */
		410A3E1B1FC42F1500B3AC3D /* Sources */ = {
			isa = PBXSourcesBuildPhase;
			buildActionMask = 2147483647;
			files = (
				410A3E271FC42F1500B3AC3D /* ExtensionDelegate.swift in Sources */,
				41FBD076217B397F007FFCA2 /* InterfaceController.swift in Sources */,
			);
			runOnlyForDeploymentPostprocessing = 0;
		};
		41B669AB1FC10B7300DEB965 /* Sources */ = {
			isa = PBXSourcesBuildPhase;
			buildActionMask = 2147483647;
			files = (
				41B669B21FC10B7300DEB965 /* TurnoClaseProfesorUITests.swift in Sources */,
				41B669BC1FC10D3000DEB965 /* SnapshotHelper.swift in Sources */,
			);
			runOnlyForDeploymentPostprocessing = 0;
		};
		41F4C5C51B34BCD5004AA55E /* Sources */ = {
			isa = PBXSourcesBuildPhase;
			buildActionMask = 2147483647;
			files = (
				41F4C5D11B34BCD5004AA55E /* ViewController.swift in Sources */,
				41F8B927216A156D006EBBAC /* Teclado.swift in Sources */,
				41F4C5CF1B34BCD5004AA55E /* AppDelegate.swift in Sources */,
			);
			runOnlyForDeploymentPostprocessing = 0;
		};
/* End PBXSourcesBuildPhase section */

/* Begin PBXTargetDependency section */
		410A3E221FC42F1500B3AC3D /* PBXTargetDependency */ = {
			isa = PBXTargetDependency;
			target = 410A3E1E1FC42F1500B3AC3D /* TurnoClaseProfesorWatch Extension */;
			targetProxy = 410A3E211FC42F1500B3AC3D /* PBXContainerItemProxy */;
		};
		410A3E2C1FC42F1500B3AC3D /* PBXTargetDependency */ = {
			isa = PBXTargetDependency;
			platformFilter = ios;
			target = 410A3E121FC42F1500B3AC3D /* TurnoClaseProfesorWatch */;
			targetProxy = 410A3E2B1FC42F1500B3AC3D /* PBXContainerItemProxy */;
		};
		41B669B51FC10B7300DEB965 /* PBXTargetDependency */ = {
			isa = PBXTargetDependency;
			target = 41F4C5C81B34BCD5004AA55E /* TurnoClaseProfesor */;
			targetProxy = 41B669B41FC10B7300DEB965 /* PBXContainerItemProxy */;
		};
/* End PBXTargetDependency section */

/* Begin PBXVariantGroup section */
		410A3E151FC42F1500B3AC3D /* Interface.storyboard */ = {
			isa = PBXVariantGroup;
			children = (
				4110815B2173FEF600ADD784 /* Base */,
			);
			name = Interface.storyboard;
			sourceTree = "<group>";
		};
		411081572173FDF900ADD784 /* Localizable.strings */ = {
			isa = PBXVariantGroup;
			children = (
				411081562173FDF900ADD784 /* es */,
				411081582173FDFF00ADD784 /* eu */,
				411081592173FE0300ADD784 /* en */,
			);
			name = Localizable.strings;
			sourceTree = "<group>";
		};
		417450AB263B5D2A001E3421 /* InfoPlist.strings */ = {
			isa = PBXVariantGroup;
			children = (
				417450AA263B5D2A001E3421 /* en */,
				417450AC263B5D31001E3421 /* eu */,
				417450AD263B5D35001E3421 /* es */,
			);
			name = InfoPlist.strings;
			sourceTree = "<group>";
		};
		41F4C5D21B34BCD5004AA55E /* Main.storyboard */ = {
			isa = PBXVariantGroup;
			children = (
				41F4C5D31B34BCD5004AA55E /* Base */,
				41675B1E1B553EC1001696CE /* es */,
				41675B201B553EE9001696CE /* eu */,
			);
			name = Main.storyboard;
			sourceTree = "<group>";
		};
		41F4C5D71B34BCD6004AA55E /* LaunchScreen.xib */ = {
			isa = PBXVariantGroup;
			children = (
				41F4C5D81B34BCD6004AA55E /* Base */,
				41675B1F1B553EC1001696CE /* es */,
				41675B211B553EE9001696CE /* eu */,
			);
			name = LaunchScreen.xib;
			sourceTree = "<group>";
		};
/* End PBXVariantGroup section */

/* Begin XCBuildConfiguration section */
		410A3E2E1FC42F1500B3AC3D /* Debug */ = {
			isa = XCBuildConfiguration;
			buildSettings = {
				ALWAYS_EMBED_SWIFT_STANDARD_LIBRARIES = NO;
				ASSETCATALOG_COMPILER_APPICON_NAME = AppIcon;
				CLANG_ANALYZER_NONNULL = YES;
				CLANG_ANALYZER_NUMBER_OBJECT_CONVERSION = YES_AGGRESSIVE;
				CLANG_CXX_LANGUAGE_STANDARD = "gnu++14";
				CLANG_WARN_DOCUMENTATION_COMMENTS = YES;
				CLANG_WARN_UNGUARDED_AVAILABILITY = YES_AGGRESSIVE;
				CODE_SIGN_IDENTITY = "iPhone Developer: Ion Jaureguialzo Sarasola (CN85Y9YK74)";
				"CODE_SIGN_IDENTITY[sdk=iphoneos*]" = "iPhone Developer";
				"CODE_SIGN_IDENTITY[sdk=watchos*]" = "iPhone Developer";
				CODE_SIGN_STYLE = Automatic;
				CURRENT_PROJECT_VERSION = 72;
				DEBUG_INFORMATION_FORMAT = dwarf;
				DEVELOPMENT_TEAM = RSEH385M54;
				GCC_C_LANGUAGE_STANDARD = gnu11;
				IBSC_MODULE = TurnoClaseProfesorWatch_Extension;
				INFOPLIST_FILE = TurnoClaseProfesorWatch/Info.plist;
				LD_RUNPATH_SEARCH_PATHS = (
					"$(inherited)",
					"@executable_path/Frameworks",
				);
				MARKETING_VERSION = 3.1.10;
				PRODUCT_BUNDLE_IDENTIFIER = com.jaureguialzo.TurnoClaseProfesor.watchkitapp;
				PRODUCT_NAME = "$(TARGET_NAME)";
				PROVISIONING_PROFILE = "";
				PROVISIONING_PROFILE_SPECIFIER = "";
				SDKROOT = watchos;
				SKIP_INSTALL = YES;
				SWIFT_ACTIVE_COMPILATION_CONDITIONS = DEBUG;
				SWIFT_VERSION = 4.0;
				TARGETED_DEVICE_FAMILY = 4;
				WATCHOS_DEPLOYMENT_TARGET = 4.0;
			};
			name = Debug;
		};
		410A3E2F1FC42F1500B3AC3D /* Release */ = {
			isa = XCBuildConfiguration;
			buildSettings = {
				ALWAYS_EMBED_SWIFT_STANDARD_LIBRARIES = NO;
				ASSETCATALOG_COMPILER_APPICON_NAME = AppIcon;
				CLANG_ANALYZER_NONNULL = YES;
				CLANG_ANALYZER_NUMBER_OBJECT_CONVERSION = YES_AGGRESSIVE;
				CLANG_CXX_LANGUAGE_STANDARD = "gnu++14";
				CLANG_WARN_DOCUMENTATION_COMMENTS = YES;
				CLANG_WARN_UNGUARDED_AVAILABILITY = YES_AGGRESSIVE;
				CODE_SIGN_IDENTITY = "iPhone Distribution: Ion Jaureguialzo Sarasola (RSEH385M54)";
				"CODE_SIGN_IDENTITY[sdk=iphoneos*]" = "iPhone Developer";
				"CODE_SIGN_IDENTITY[sdk=watchos*]" = "iPhone Developer";
				CODE_SIGN_STYLE = Automatic;
				CURRENT_PROJECT_VERSION = 72;
				DEVELOPMENT_TEAM = RSEH385M54;
				GCC_C_LANGUAGE_STANDARD = gnu11;
				IBSC_MODULE = TurnoClaseProfesorWatch_Extension;
				INFOPLIST_FILE = TurnoClaseProfesorWatch/Info.plist;
				LD_RUNPATH_SEARCH_PATHS = (
					"$(inherited)",
					"@executable_path/Frameworks",
				);
				MARKETING_VERSION = 3.1.10;
				PRODUCT_BUNDLE_IDENTIFIER = com.jaureguialzo.TurnoClaseProfesor.watchkitapp;
				PRODUCT_NAME = "$(TARGET_NAME)";
				PROVISIONING_PROFILE = "";
				PROVISIONING_PROFILE_SPECIFIER = "";
				SDKROOT = watchos;
				SKIP_INSTALL = YES;
				SWIFT_VERSION = 4.0;
				TARGETED_DEVICE_FAMILY = 4;
				WATCHOS_DEPLOYMENT_TARGET = 4.0;
			};
			name = Release;
		};
		410A3E301FC42F1500B3AC3D /* Debug */ = {
			isa = XCBuildConfiguration;
			baseConfigurationReference = AEF6504144637E62FC53D0E7 /* Pods-TurnoClaseProfesorWatch Extension.debug.xcconfig */;
			buildSettings = {
				ASSETCATALOG_COMPILER_COMPLICATION_NAME = Complication;
				CLANG_ANALYZER_NONNULL = YES;
				CLANG_ANALYZER_NUMBER_OBJECT_CONVERSION = YES_AGGRESSIVE;
				CLANG_CXX_LANGUAGE_STANDARD = "gnu++14";
				CLANG_WARN_DOCUMENTATION_COMMENTS = YES;
				CLANG_WARN_UNGUARDED_AVAILABILITY = YES_AGGRESSIVE;
				"CODE_SIGN_IDENTITY[sdk=watchos*]" = "iPhone Developer";
				CODE_SIGN_STYLE = Automatic;
				CURRENT_PROJECT_VERSION = 72;
				DEBUG_INFORMATION_FORMAT = dwarf;
				DEVELOPMENT_TEAM = RSEH385M54;
				GCC_C_LANGUAGE_STANDARD = gnu11;
				INFOPLIST_FILE = "TurnoClaseProfesorWatch Extension/Info.plist";
				LD_RUNPATH_SEARCH_PATHS = (
					"$(inherited)",
					"@executable_path/Frameworks",
					"@executable_path/../../Frameworks",
				);
				MARKETING_VERSION = 3.1.10;
				PRODUCT_BUNDLE_IDENTIFIER = com.jaureguialzo.TurnoClaseProfesor.watchkitapp.watchkitextension;
				PRODUCT_NAME = "${TARGET_NAME}";
				PROVISIONING_PROFILE = "";
				PROVISIONING_PROFILE_SPECIFIER = "";
				SDKROOT = watchos;
				SKIP_INSTALL = YES;
				SWIFT_ACTIVE_COMPILATION_CONDITIONS = DEBUG;
				SWIFT_VERSION = 5.0;
				TARGETED_DEVICE_FAMILY = 4;
				WATCHOS_DEPLOYMENT_TARGET = 4.0;
			};
			name = Debug;
		};
		410A3E311FC42F1500B3AC3D /* Release */ = {
			isa = XCBuildConfiguration;
			baseConfigurationReference = EEC2D70D195470DB34D41967 /* Pods-TurnoClaseProfesorWatch Extension.release.xcconfig */;
			buildSettings = {
				ASSETCATALOG_COMPILER_COMPLICATION_NAME = Complication;
				CLANG_ANALYZER_NONNULL = YES;
				CLANG_ANALYZER_NUMBER_OBJECT_CONVERSION = YES_AGGRESSIVE;
				CLANG_CXX_LANGUAGE_STANDARD = "gnu++14";
				CLANG_WARN_DOCUMENTATION_COMMENTS = YES;
				CLANG_WARN_UNGUARDED_AVAILABILITY = YES_AGGRESSIVE;
				"CODE_SIGN_IDENTITY[sdk=watchos*]" = "iPhone Developer";
				CODE_SIGN_STYLE = Automatic;
				CURRENT_PROJECT_VERSION = 72;
				DEVELOPMENT_TEAM = RSEH385M54;
				GCC_C_LANGUAGE_STANDARD = gnu11;
				INFOPLIST_FILE = "TurnoClaseProfesorWatch Extension/Info.plist";
				LD_RUNPATH_SEARCH_PATHS = (
					"$(inherited)",
					"@executable_path/Frameworks",
					"@executable_path/../../Frameworks",
				);
				MARKETING_VERSION = 3.1.10;
				PRODUCT_BUNDLE_IDENTIFIER = com.jaureguialzo.TurnoClaseProfesor.watchkitapp.watchkitextension;
				PRODUCT_NAME = "${TARGET_NAME}";
				PROVISIONING_PROFILE = "";
				PROVISIONING_PROFILE_SPECIFIER = "";
				SDKROOT = watchos;
				SKIP_INSTALL = YES;
				SWIFT_VERSION = 5.0;
				TARGETED_DEVICE_FAMILY = 4;
				WATCHOS_DEPLOYMENT_TARGET = 4.0;
			};
			name = Release;
		};
		41B669B61FC10B7300DEB965 /* Debug */ = {
			isa = XCBuildConfiguration;
			buildSettings = {
				CLANG_ANALYZER_NONNULL = YES;
				CLANG_ANALYZER_NUMBER_OBJECT_CONVERSION = YES_AGGRESSIVE;
				CLANG_CXX_LANGUAGE_STANDARD = "gnu++14";
				CLANG_WARN_DOCUMENTATION_COMMENTS = YES;
				CLANG_WARN_UNGUARDED_AVAILABILITY = YES_AGGRESSIVE;
				CODE_SIGN_IDENTITY = "iPhone Developer";
				"CODE_SIGN_IDENTITY[sdk=iphoneos*]" = "iPhone Developer";
				CODE_SIGN_STYLE = Automatic;
				DEBUG_INFORMATION_FORMAT = dwarf;
				DEVELOPMENT_TEAM = "";
				GCC_C_LANGUAGE_STANDARD = gnu11;
				INFOPLIST_FILE = TurnoClaseProfesorUITests/Info.plist;
				IPHONEOS_DEPLOYMENT_TARGET = 12.0;
				LD_RUNPATH_SEARCH_PATHS = (
					"$(inherited)",
					"@executable_path/Frameworks",
					"@loader_path/Frameworks",
				);
				PRODUCT_BUNDLE_IDENTIFIER = con.jaureguialzo.TurnoClaseProfesorUITests;
				PRODUCT_NAME = "$(TARGET_NAME)";
				PROVISIONING_PROFILE = "";
				PROVISIONING_PROFILE_SPECIFIER = "";
				SWIFT_ACTIVE_COMPILATION_CONDITIONS = DEBUG;
				SWIFT_VERSION = 5.0;
				TARGETED_DEVICE_FAMILY = "1,2";
				TEST_TARGET_NAME = TurnoClaseProfesor;
			};
			name = Debug;
		};
		41B669B71FC10B7300DEB965 /* Release */ = {
			isa = XCBuildConfiguration;
			buildSettings = {
				CLANG_ANALYZER_NONNULL = YES;
				CLANG_ANALYZER_NUMBER_OBJECT_CONVERSION = YES_AGGRESSIVE;
				CLANG_CXX_LANGUAGE_STANDARD = "gnu++14";
				CLANG_WARN_DOCUMENTATION_COMMENTS = YES;
				CLANG_WARN_UNGUARDED_AVAILABILITY = YES_AGGRESSIVE;
				CODE_SIGN_IDENTITY = "iPhone Developer";
				"CODE_SIGN_IDENTITY[sdk=iphoneos*]" = "iPhone Developer";
				CODE_SIGN_STYLE = Automatic;
				DEVELOPMENT_TEAM = "";
				GCC_C_LANGUAGE_STANDARD = gnu11;
				INFOPLIST_FILE = TurnoClaseProfesorUITests/Info.plist;
				IPHONEOS_DEPLOYMENT_TARGET = 12.0;
				LD_RUNPATH_SEARCH_PATHS = (
					"$(inherited)",
					"@executable_path/Frameworks",
					"@loader_path/Frameworks",
				);
				PRODUCT_BUNDLE_IDENTIFIER = con.jaureguialzo.TurnoClaseProfesorUITests;
				PRODUCT_NAME = "$(TARGET_NAME)";
				PROVISIONING_PROFILE = "";
				PROVISIONING_PROFILE_SPECIFIER = "";
				SWIFT_VERSION = 5.0;
				TARGETED_DEVICE_FAMILY = "1,2";
				TEST_TARGET_NAME = TurnoClaseProfesor;
			};
			name = Release;
		};
		41F4C5E61B34BCD6004AA55E /* Debug */ = {
			isa = XCBuildConfiguration;
			buildSettings = {
				ALWAYS_SEARCH_USER_PATHS = NO;
				CLANG_ANALYZER_LOCALIZABILITY_NONLOCALIZED = YES;
				CLANG_CXX_LANGUAGE_STANDARD = "gnu++0x";
				CLANG_CXX_LIBRARY = "libc++";
				CLANG_ENABLE_MODULES = YES;
				CLANG_ENABLE_OBJC_ARC = YES;
				CLANG_WARN_BLOCK_CAPTURE_AUTORELEASING = YES;
				CLANG_WARN_BOOL_CONVERSION = YES;
				CLANG_WARN_COMMA = YES;
				CLANG_WARN_CONSTANT_CONVERSION = YES;
				CLANG_WARN_DEPRECATED_OBJC_IMPLEMENTATIONS = YES;
				CLANG_WARN_DIRECT_OBJC_ISA_USAGE = YES_ERROR;
				CLANG_WARN_EMPTY_BODY = YES;
				CLANG_WARN_ENUM_CONVERSION = YES;
				CLANG_WARN_INFINITE_RECURSION = YES;
				CLANG_WARN_INT_CONVERSION = YES;
				CLANG_WARN_NON_LITERAL_NULL_CONVERSION = YES;
				CLANG_WARN_OBJC_IMPLICIT_RETAIN_SELF = YES;
				CLANG_WARN_OBJC_LITERAL_CONVERSION = YES;
				CLANG_WARN_OBJC_ROOT_CLASS = YES_ERROR;
				CLANG_WARN_QUOTED_INCLUDE_IN_FRAMEWORK_HEADER = YES;
				CLANG_WARN_RANGE_LOOP_ANALYSIS = YES;
				CLANG_WARN_STRICT_PROTOTYPES = YES;
				CLANG_WARN_SUSPICIOUS_MOVE = YES;
				CLANG_WARN_UNREACHABLE_CODE = YES;
				CLANG_WARN__DUPLICATE_METHOD_MATCH = YES;
				CODE_SIGN_IDENTITY = "iPhone Developer: Ion Jaureguialzo Sarasola (CN85Y9YK74)";
				"CODE_SIGN_IDENTITY[sdk=iphoneos*]" = "iPhone Developer: Ion Jaureguialzo Sarasola (CN85Y9YK74)";
				COPY_PHASE_STRIP = NO;
				DEBUG_INFORMATION_FORMAT = "dwarf-with-dsym";
				ENABLE_STRICT_OBJC_MSGSEND = YES;
				ENABLE_TESTABILITY = YES;
				GCC_C_LANGUAGE_STANDARD = gnu99;
				GCC_DYNAMIC_NO_PIC = NO;
				GCC_NO_COMMON_BLOCKS = YES;
				GCC_OPTIMIZATION_LEVEL = 0;
				GCC_PREPROCESSOR_DEFINITIONS = (
					"DEBUG=1",
					"$(inherited)",
				);
				GCC_SYMBOLS_PRIVATE_EXTERN = NO;
				GCC_WARN_64_TO_32_BIT_CONVERSION = YES;
				GCC_WARN_ABOUT_RETURN_TYPE = YES_ERROR;
				GCC_WARN_UNDECLARED_SELECTOR = YES;
				GCC_WARN_UNINITIALIZED_AUTOS = YES_AGGRESSIVE;
				GCC_WARN_UNUSED_FUNCTION = YES;
				GCC_WARN_UNUSED_VARIABLE = YES;
				IPHONEOS_DEPLOYMENT_TARGET = 12.0;
				MTL_ENABLE_DEBUG_INFO = YES;
				ONLY_ACTIVE_ARCH = YES;
				OTHER_SWIFT_FLAGS = "-D DEBUG";
				PROVISIONING_PROFILE = "a4a18b86-f33a-409b-8346-b97e7d7928c9";
				SDKROOT = iphoneos;
				SWIFT_OPTIMIZATION_LEVEL = "-Onone";
			};
			name = Debug;
		};
		41F4C5E71B34BCD6004AA55E /* Release */ = {
			isa = XCBuildConfiguration;
			buildSettings = {
				ALWAYS_SEARCH_USER_PATHS = NO;
				CLANG_ANALYZER_LOCALIZABILITY_NONLOCALIZED = YES;
				CLANG_CXX_LANGUAGE_STANDARD = "gnu++0x";
				CLANG_CXX_LIBRARY = "libc++";
				CLANG_ENABLE_MODULES = YES;
				CLANG_ENABLE_OBJC_ARC = YES;
				CLANG_WARN_BLOCK_CAPTURE_AUTORELEASING = YES;
				CLANG_WARN_BOOL_CONVERSION = YES;
				CLANG_WARN_COMMA = YES;
				CLANG_WARN_CONSTANT_CONVERSION = YES;
				CLANG_WARN_DEPRECATED_OBJC_IMPLEMENTATIONS = YES;
				CLANG_WARN_DIRECT_OBJC_ISA_USAGE = YES_ERROR;
				CLANG_WARN_EMPTY_BODY = YES;
				CLANG_WARN_ENUM_CONVERSION = YES;
				CLANG_WARN_INFINITE_RECURSION = YES;
				CLANG_WARN_INT_CONVERSION = YES;
				CLANG_WARN_NON_LITERAL_NULL_CONVERSION = YES;
				CLANG_WARN_OBJC_IMPLICIT_RETAIN_SELF = YES;
				CLANG_WARN_OBJC_LITERAL_CONVERSION = YES;
				CLANG_WARN_OBJC_ROOT_CLASS = YES_ERROR;
				CLANG_WARN_QUOTED_INCLUDE_IN_FRAMEWORK_HEADER = YES;
				CLANG_WARN_RANGE_LOOP_ANALYSIS = YES;
				CLANG_WARN_STRICT_PROTOTYPES = YES;
				CLANG_WARN_SUSPICIOUS_MOVE = YES;
				CLANG_WARN_UNREACHABLE_CODE = YES;
				CLANG_WARN__DUPLICATE_METHOD_MATCH = YES;
				CODE_SIGN_IDENTITY = "iPhone Developer: Ion Jaureguialzo Sarasola (CN85Y9YK74)";
				"CODE_SIGN_IDENTITY[sdk=iphoneos*]" = "iPhone Developer: Ion Jaureguialzo Sarasola (CN85Y9YK74)";
				COPY_PHASE_STRIP = NO;
				DEBUG_INFORMATION_FORMAT = "dwarf-with-dsym";
				ENABLE_NS_ASSERTIONS = NO;
				ENABLE_STRICT_OBJC_MSGSEND = YES;
				GCC_C_LANGUAGE_STANDARD = gnu99;
				GCC_NO_COMMON_BLOCKS = YES;
				GCC_WARN_64_TO_32_BIT_CONVERSION = YES;
				GCC_WARN_ABOUT_RETURN_TYPE = YES_ERROR;
				GCC_WARN_UNDECLARED_SELECTOR = YES;
				GCC_WARN_UNINITIALIZED_AUTOS = YES_AGGRESSIVE;
				GCC_WARN_UNUSED_FUNCTION = YES;
				GCC_WARN_UNUSED_VARIABLE = YES;
				IPHONEOS_DEPLOYMENT_TARGET = 12.0;
				MTL_ENABLE_DEBUG_INFO = NO;
				PROVISIONING_PROFILE = "a4a18b86-f33a-409b-8346-b97e7d7928c9";
				SDKROOT = iphoneos;
				SWIFT_COMPILATION_MODE = wholemodule;
				SWIFT_OPTIMIZATION_LEVEL = "-O";
				VALIDATE_PRODUCT = YES;
			};
			name = Release;
		};
		41F4C5E91B34BCD6004AA55E /* Debug */ = {
			isa = XCBuildConfiguration;
			baseConfigurationReference = A2B5FCD9A98F46DE39F2C927 /* Pods-TurnoClaseProfesor.debug.xcconfig */;
			buildSettings = {
				ASSETCATALOG_COMPILER_APPICON_NAME = AppIcon;
				CODE_SIGN_ENTITLEMENTS = TurnoClaseProfesor/TurnoClaseProfesor.entitlements;
				CODE_SIGN_IDENTITY = "iPhone Developer";
				"CODE_SIGN_IDENTITY[sdk=iphoneos*]" = "iPhone Developer";
				CODE_SIGN_STYLE = Automatic;
				CURRENT_PROJECT_VERSION = 72;
				DEVELOPMENT_TEAM = RSEH385M54;
				FRAMEWORK_SEARCH_PATHS = (
					"$(inherited)",
					"$(PROJECT_DIR)",
				);
				INFOPLIST_FILE = TurnoClaseProfesor/Info.plist;
				LD_RUNPATH_SEARCH_PATHS = (
					"$(inherited)",
					"@executable_path/Frameworks",
				);
				MARKETING_VERSION = 3.1.10;
				ONLY_ACTIVE_ARCH = YES;
				PRODUCT_BUNDLE_IDENTIFIER = com.jaureguialzo.TurnoClaseProfesor;
				PRODUCT_NAME = "TurnoClase Teacher";
				PROVISIONING_PROFILE = "";
				PROVISIONING_PROFILE_SPECIFIER = "";
				SUPPORTS_MACCATALYST = YES;
				SWIFT_VERSION = 5.0;
				TARGETED_DEVICE_FAMILY = "1,2";
			};
			name = Debug;
		};
		41F4C5EA1B34BCD6004AA55E /* Release */ = {
			isa = XCBuildConfiguration;
			baseConfigurationReference = C8F0C998A673C21B6D08D9D4 /* Pods-TurnoClaseProfesor.release.xcconfig */;
			buildSettings = {
				ASSETCATALOG_COMPILER_APPICON_NAME = AppIcon;
				CODE_SIGN_ENTITLEMENTS = TurnoClaseProfesor/TurnoClaseProfesor.entitlements;
				CODE_SIGN_IDENTITY = "iPhone Developer";
				"CODE_SIGN_IDENTITY[sdk=iphoneos*]" = "iPhone Developer";
				CODE_SIGN_STYLE = Automatic;
				CURRENT_PROJECT_VERSION = 72;
				DEVELOPMENT_TEAM = RSEH385M54;
				FRAMEWORK_SEARCH_PATHS = (
					"$(inherited)",
					"$(PROJECT_DIR)",
				);
				INFOPLIST_FILE = TurnoClaseProfesor/Info.plist;
				LD_RUNPATH_SEARCH_PATHS = (
					"$(inherited)",
					"@executable_path/Frameworks",
				);
				MARKETING_VERSION = 3.1.10;
				ONLY_ACTIVE_ARCH = NO;
				PRODUCT_BUNDLE_IDENTIFIER = com.jaureguialzo.TurnoClaseProfesor;
				PRODUCT_NAME = "TurnoClase Teacher";
				PROVISIONING_PROFILE = "";
				PROVISIONING_PROFILE_SPECIFIER = "";
				SUPPORTS_MACCATALYST = YES;
				SWIFT_VERSION = 5.0;
				TARGETED_DEVICE_FAMILY = "1,2";
			};
			name = Release;
		};
/* End XCBuildConfiguration section */

/* Begin XCConfigurationList section */
		410A3E321FC42F1500B3AC3D /* Build configuration list for PBXNativeTarget "TurnoClaseProfesorWatch Extension" */ = {
			isa = XCConfigurationList;
			buildConfigurations = (
				410A3E301FC42F1500B3AC3D /* Debug */,
				410A3E311FC42F1500B3AC3D /* Release */,
			);
			defaultConfigurationIsVisible = 0;
			defaultConfigurationName = Release;
		};
		410A3E341FC42F1500B3AC3D /* Build configuration list for PBXNativeTarget "TurnoClaseProfesorWatch" */ = {
			isa = XCConfigurationList;
			buildConfigurations = (
				410A3E2E1FC42F1500B3AC3D /* Debug */,
				410A3E2F1FC42F1500B3AC3D /* Release */,
			);
			defaultConfigurationIsVisible = 0;
			defaultConfigurationName = Release;
		};
		41B669B81FC10B7300DEB965 /* Build configuration list for PBXNativeTarget "TurnoClaseProfesorUITests" */ = {
			isa = XCConfigurationList;
			buildConfigurations = (
				41B669B61FC10B7300DEB965 /* Debug */,
				41B669B71FC10B7300DEB965 /* Release */,
			);
			defaultConfigurationIsVisible = 0;
			defaultConfigurationName = Release;
		};
		41F4C5C41B34BCD5004AA55E /* Build configuration list for PBXProject "TurnoClaseProfesor" */ = {
			isa = XCConfigurationList;
			buildConfigurations = (
				41F4C5E61B34BCD6004AA55E /* Debug */,
				41F4C5E71B34BCD6004AA55E /* Release */,
			);
			defaultConfigurationIsVisible = 0;
			defaultConfigurationName = Release;
		};
		41F4C5E81B34BCD6004AA55E /* Build configuration list for PBXNativeTarget "TurnoClaseProfesor" */ = {
			isa = XCConfigurationList;
			buildConfigurations = (
				41F4C5E91B34BCD6004AA55E /* Debug */,
				41F4C5EA1B34BCD6004AA55E /* Release */,
			);
			defaultConfigurationIsVisible = 0;
			defaultConfigurationName = Release;
		};
/* End XCConfigurationList section */

/* Begin XCRemoteSwiftPackageReference section */
		4148914C26FF11E0008D9B9C /* XCRemoteSwiftPackageReference "Reachability" */ = {
			isa = XCRemoteSwiftPackageReference;
			repositoryURL = "https://github.com/ashleymills/Reachability.swift";
			requirement = {
				kind = upToNextMajorVersion;
				minimumVersion = 5.0.0;
			};
		};
		4185BE7926396E35002706CF /* XCRemoteSwiftPackageReference "firebase-ios-sdk" */ = {
			isa = XCRemoteSwiftPackageReference;
			repositoryURL = "https://github.com/firebase/firebase-ios-sdk.git";
			requirement = {
				kind = upToNextMajorVersion;
				minimumVersion = 9.0.0;
			};
		};
		4185BE88263975A8002706CF /* XCRemoteSwiftPackageReference "XCGLogger" */ = {
			isa = XCRemoteSwiftPackageReference;
			repositoryURL = "https://github.com/DaveWoodCom/XCGLogger.git";
			requirement = {
				kind = upToNextMajorVersion;
				minimumVersion = 7.0.1;
			};
		};
/* End XCRemoteSwiftPackageReference section */

/* Begin XCSwiftPackageProductDependency section */
		4148914D26FF11E0008D9B9C /* Reachability */ = {
			isa = XCSwiftPackageProductDependency;
			package = 4148914C26FF11E0008D9B9C /* XCRemoteSwiftPackageReference "Reachability" */;
			productName = Reachability;
		};
		4185BE7A26396E35002706CF /* FirebaseAuth */ = {
			isa = XCSwiftPackageProductDependency;
			package = 4185BE7926396E35002706CF /* XCRemoteSwiftPackageReference "firebase-ios-sdk" */;
			productName = FirebaseAuth;
		};
		4185BE7C26396E35002706CF /* FirebaseFirestore */ = {
			isa = XCSwiftPackageProductDependency;
			package = 4185BE7926396E35002706CF /* XCRemoteSwiftPackageReference "firebase-ios-sdk" */;
			productName = FirebaseFirestore;
		};
		4185BE7E26396E35002706CF /* FirebaseFunctions */ = {
			isa = XCSwiftPackageProductDependency;
			package = 4185BE7926396E35002706CF /* XCRemoteSwiftPackageReference "firebase-ios-sdk" */;
			productName = FirebaseFunctions;
		};
		4185BE89263975A8002706CF /* XCGLogger */ = {
			isa = XCSwiftPackageProductDependency;
			package = 4185BE88263975A8002706CF /* XCRemoteSwiftPackageReference "XCGLogger" */;
			productName = XCGLogger;
		};
		41983C7627EA0E96001B524A /* FirebaseAppCheck */ = {
			isa = XCSwiftPackageProductDependency;
			package = 4185BE7926396E35002706CF /* XCRemoteSwiftPackageReference "firebase-ios-sdk" */;
			productName = FirebaseAppCheck;
		};
/* End XCSwiftPackageProductDependency section */
	};
	rootObject = 41F4C5C11B34BCD5004AA55E /* Project object */;
}
