PODS:
  - Localize-Swift (3.2.0):
    - Localize-Swift/LocalizeSwiftCore (= 3.2.0)
    - Localize-Swift/UIKit (= 3.2.0)
  - Localize-Swift/LocalizeSwiftCore (3.2.0)
  - Localize-Swift/UIKit (3.2.0):
    - Localize-Swift/LocalizeSwiftCore

DEPENDENCIES:
  - Localize-Swift

SPEC REPOS:
  trunk:
    - Localize-Swift

SPEC CHECKSUMS:
  Localize-Swift: 6f4475136bdb0d7b2882ea3d4ea919d70142b232

PODFILE CHECKSUM: a3227d2c78593e0da8153a1c77875711e401a8fc

COCOAPODS: 1.11.2
